
Microsoft Visual Studio Solution File, Format Version 12.00
# Visual Studio Version 17
VisualStudioVersion = 17.5.002.0
MinimumVisualStudioVersion = 10.0.40219.1
Project("{2150E333-8FDC-42A3-9474-1A3956D46DE8}") = "2021", "2021", "{B0614F75-1794-4618-AC7F-D5409916DDCA}"
EndProject
Project("{2150E333-8FDC-42A3-9474-1A3956D46DE8}") = "day_1", "day_1", "{70E04A1F-A4E8-4C18-92A6-496BACD31856}"
EndProject
Project("{9A19103F-16F7-4668-BE54-9A1E7A4F7556}") = "a", "2021\day_1\a\a.csproj", "{E83802FB-295E-48B3-978C-07976421FA35}"
EndProject
Project("{9A19103F-16F7-4668-BE54-9A1E7A4F7556}") = "b", "2021\day_1\b\b.csproj", "{A745D9A0-F735-41CE-A22A-14C9F7CEE5DB}"
EndProject
Project("{2150E333-8FDC-42A3-9474-1A3956D46DE8}") = "day_10", "day_10", "{8E4651E5-FC56-4A9F-A8D3-565CED06F44B}"
EndProject
Project("{9A19103F-16F7-4668-BE54-9A1E7A4F7556}") = "a", "2021\day_10\a\a.csproj", "{12001FB4-B6A8-4D94-BEF8-DB1166A30D78}"
EndProject
Project("{9A19103F-16F7-4668-BE54-9A1E7A4F7556}") = "b", "2021\day_10\b\b.csproj", "{14C377A4-DDB0-4EAD-8975-358FE33055B5}"
EndProject
Project("{2150E333-8FDC-42A3-9474-1A3956D46DE8}") = "day_11", "day_11", "{F592E33D-2B0B-4643-9ACD-142386A57157}"
EndProject
Project("{9A19103F-16F7-4668-BE54-9A1E7A4F7556}") = "a", "2021\day_11\a\a.csproj", "{ECD41917-70C7-4FDC-AD94-EC0AFCB82DC3}"
EndProject
Project("{9A19103F-16F7-4668-BE54-9A1E7A4F7556}") = "b", "2021\day_11\b\b.csproj", "{2C0BA406-A668-4A46-A0A9-1650DA423495}"
EndProject
Project("{2150E333-8FDC-42A3-9474-1A3956D46DE8}") = "day_12", "day_12", "{2157D2C5-BCFE-4175-9477-B446C34D30DB}"
EndProject
Project("{9A19103F-16F7-4668-BE54-9A1E7A4F7556}") = "a", "2021\day_12\a\a.csproj", "{B3CDD743-5E19-45B9-AE9B-BAF01079F963}"
EndProject
Project("{9A19103F-16F7-4668-BE54-9A1E7A4F7556}") = "b", "2021\day_12\b\b.csproj", "{F97E62CE-9D3B-426F-8C43-E711B5B296A7}"
EndProject
Project("{2150E333-8FDC-42A3-9474-1A3956D46DE8}") = "day_13", "day_13", "{B4809B5B-53A2-43AF-9420-9FC5A3C282E9}"
EndProject
Project("{9A19103F-16F7-4668-BE54-9A1E7A4F7556}") = "a", "2021\day_13\a\a.csproj", "{8B137C32-4796-47AE-94F5-B217676E15DD}"
EndProject
Project("{9A19103F-16F7-4668-BE54-9A1E7A4F7556}") = "b", "2021\day_13\b\b.csproj", "{84E67CB9-C1FC-4760-BA4A-98D2B959798D}"
EndProject
Project("{2150E333-8FDC-42A3-9474-1A3956D46DE8}") = "day_14", "day_14", "{783B5978-0CE3-40AF-AE6C-9A82E3D0D5C0}"
EndProject
Project("{9A19103F-16F7-4668-BE54-9A1E7A4F7556}") = "a", "2021\day_14\a\a.csproj", "{FD5DB0F8-13F5-486C-A1A3-337CB98449A2}"
EndProject
Project("{9A19103F-16F7-4668-BE54-9A1E7A4F7556}") = "b", "2021\day_14\b\b.csproj", "{2F7F9E7D-248B-4DAC-87E7-AED4C219BA0A}"
EndProject
Project("{2150E333-8FDC-42A3-9474-1A3956D46DE8}") = "day_15", "day_15", "{C838C897-B10A-43C4-B06A-2B4D41B01BE7}"
EndProject
Project("{9A19103F-16F7-4668-BE54-9A1E7A4F7556}") = "a", "2021\day_15\a\a.csproj", "{42B1A427-3FD0-4E86-B5A4-E88BEEC7DCC1}"
EndProject
Project("{9A19103F-16F7-4668-BE54-9A1E7A4F7556}") = "b", "2021\day_15\b\b.csproj", "{C334E436-A9FC-4309-B20A-BC476766EF43}"
EndProject
Project("{9A19103F-16F7-4668-BE54-9A1E7A4F7556}") = "c", "2021\day_15\c\c.csproj", "{89EE19FB-3ABF-49CC-830F-AE04F93AD0EF}"
EndProject
Project("{2150E333-8FDC-42A3-9474-1A3956D46DE8}") = "day_16", "day_16", "{8CCAFB7B-5E2C-4EAC-8D2A-C506DD63C633}"
EndProject
Project("{9A19103F-16F7-4668-BE54-9A1E7A4F7556}") = "a", "2021\day_16\a\a.csproj", "{6791630D-5184-4F35-8DD2-39E9767A3B8B}"
EndProject
Project("{9A19103F-16F7-4668-BE54-9A1E7A4F7556}") = "b", "2021\day_16\b\b.csproj", "{F70DAD47-A836-40B5-840E-E2661712C0D3}"
EndProject
Project("{2150E333-8FDC-42A3-9474-1A3956D46DE8}") = "day_17", "day_17", "{26D02EF2-CBBA-4FA6-9A5C-41DADBFFDD39}"
EndProject
Project("{9A19103F-16F7-4668-BE54-9A1E7A4F7556}") = "a", "2021\day_17\a\a.csproj", "{CF203AB3-8003-474D-A90F-D56217A0D3ED}"
EndProject
Project("{9A19103F-16F7-4668-BE54-9A1E7A4F7556}") = "b", "2021\day_17\b\b.csproj", "{D2887C06-9E67-46B1-9804-18A158D4ED66}"
EndProject
Project("{2150E333-8FDC-42A3-9474-1A3956D46DE8}") = "day_18", "day_18", "{755B1D9E-7F63-469C-BE1F-2AE072DF9CB4}"
EndProject
Project("{9A19103F-16F7-4668-BE54-9A1E7A4F7556}") = "a", "2021\day_18\a\a.csproj", "{9C33D64B-314E-4D92-A87E-DB68C74847A7}"
EndProject
Project("{9A19103F-16F7-4668-BE54-9A1E7A4F7556}") = "b", "2021\day_18\b\b.csproj", "{61E34FE4-AB29-4244-AF7F-1DF56DAB0606}"
EndProject
Project("{2150E333-8FDC-42A3-9474-1A3956D46DE8}") = "day_19", "day_19", "{FAD28A50-4D8E-4DD8-B0F7-48EA5BBEEF43}"
EndProject
Project("{9A19103F-16F7-4668-BE54-9A1E7A4F7556}") = "a", "2021\day_19\a\a.csproj", "{A41BEE07-E8B6-4E5C-BA0E-30A2CE8C9E01}"
EndProject
Project("{9A19103F-16F7-4668-BE54-9A1E7A4F7556}") = "b", "2021\day_19\b\b.csproj", "{C1DF3448-17D3-417C-869F-2E64B78729D2}"
EndProject
Project("{2150E333-8FDC-42A3-9474-1A3956D46DE8}") = "day_2", "day_2", "{F78CE7B9-0C67-4F95-B384-0DA514B437B9}"
EndProject
Project("{9A19103F-16F7-4668-BE54-9A1E7A4F7556}") = "a", "2021\day_2\a\a.csproj", "{0087A879-3516-4F15-90DE-5026D1DBB4FC}"
EndProject
Project("{9A19103F-16F7-4668-BE54-9A1E7A4F7556}") = "b", "2021\day_2\b\b.csproj", "{43094BB2-5A07-4CF2-8B74-2DB951044C78}"
EndProject
Project("{2150E333-8FDC-42A3-9474-1A3956D46DE8}") = "day_20", "day_20", "{1D90AF56-1D46-49B0-8B18-9E2BB93395CE}"
EndProject
Project("{9A19103F-16F7-4668-BE54-9A1E7A4F7556}") = "a", "2021\day_20\a\a.csproj", "{647E9E8D-F485-40AC-AC82-EB26FFFB76DF}"
EndProject
Project("{9A19103F-16F7-4668-BE54-9A1E7A4F7556}") = "b", "2021\day_20\b\b.csproj", "{D5765CC6-C564-4EDA-9190-D73763C00A70}"
EndProject
Project("{2150E333-8FDC-42A3-9474-1A3956D46DE8}") = "day_21", "day_21", "{6A18AEB7-5A8A-417E-B2CC-3965548F9C02}"
EndProject
Project("{9A19103F-16F7-4668-BE54-9A1E7A4F7556}") = "a", "2021\day_21\a\a.csproj", "{12BADC62-31A8-4C73-AB61-B9A25B25344D}"
EndProject
Project("{9A19103F-16F7-4668-BE54-9A1E7A4F7556}") = "b", "2021\day_21\b\b.csproj", "{7D970211-3F71-4EF0-A886-72F193E3D54B}"
EndProject
Project("{2150E333-8FDC-42A3-9474-1A3956D46DE8}") = "day_22", "day_22", "{DFF74410-D0FB-4C75-94DD-26CF82BD1A27}"
EndProject
Project("{9A19103F-16F7-4668-BE54-9A1E7A4F7556}") = "a", "2021\day_22\a\a.csproj", "{93E0DB34-EA8E-4EB9-8DBD-A4F0EBCDCD49}"
EndProject
Project("{9A19103F-16F7-4668-BE54-9A1E7A4F7556}") = "b", "2021\day_22\b\b.csproj", "{D15035F0-2180-45E3-9AE9-6C969B79FCC5}"
EndProject
Project("{2150E333-8FDC-42A3-9474-1A3956D46DE8}") = "day_23", "day_23", "{37B70DB9-E8C7-410A-91E8-03C66D45215E}"
EndProject
Project("{9A19103F-16F7-4668-BE54-9A1E7A4F7556}") = "a", "2021\day_23\a\a.csproj", "{2E4A5A5C-FB02-496B-BFB1-41E8464C9B95}"
EndProject
Project("{9A19103F-16F7-4668-BE54-9A1E7A4F7556}") = "a (1)", "2021\day_23\a_a\a.csproj", "{3031AAB3-D519-45EB-ADEA-343B2591FF4D}"
EndProject
Project("{2150E333-8FDC-42A3-9474-1A3956D46DE8}") = "day_24", "day_24", "{38A42E6C-A61E-4141-B8A5-DF19C71F6E6C}"
EndProject
Project("{9A19103F-16F7-4668-BE54-9A1E7A4F7556}") = "a", "2021\day_24\a\a.csproj", "{A9C86178-044E-4E5D-87A3-3922F333FB13}"
EndProject
Project("{9A19103F-16F7-4668-BE54-9A1E7A4F7556}") = "b", "2021\day_24\b\b.csproj", "{A43AEEE8-E68C-4667-985A-7E1B5C27B45F}"
EndProject
Project("{2150E333-8FDC-42A3-9474-1A3956D46DE8}") = "day_25", "day_25", "{9E333723-5B88-4EA1-BD27-DCD4054A9F40}"
EndProject
Project("{9A19103F-16F7-4668-BE54-9A1E7A4F7556}") = "a", "2021\day_25\a\a.csproj", "{1BDA3217-B29C-4428-B483-3EB8D579FFE4}"
EndProject
Project("{9A19103F-16F7-4668-BE54-9A1E7A4F7556}") = "b", "2021\day_25\b\b.csproj", "{A0007949-8079-499C-A463-EBAEC6D23C91}"
EndProject
Project("{2150E333-8FDC-42A3-9474-1A3956D46DE8}") = "day_3", "day_3", "{37E9631C-83DD-420A-8E00-0A63381693BB}"
EndProject
Project("{9A19103F-16F7-4668-BE54-9A1E7A4F7556}") = "a", "2021\day_3\a\a.csproj", "{B5FDDA2C-3F97-4054-A612-AF0F2E25D6AD}"
EndProject
Project("{9A19103F-16F7-4668-BE54-9A1E7A4F7556}") = "b", "2021\day_3\b\b.csproj", "{92C1767C-6371-4A87-93C4-DCB19D7B3214}"
EndProject
Project("{2150E333-8FDC-42A3-9474-1A3956D46DE8}") = "day_4", "day_4", "{C363CCB9-74CC-4762-AB3B-EFE015EE5EBA}"
EndProject
Project("{9A19103F-16F7-4668-BE54-9A1E7A4F7556}") = "a", "2021\day_4\a\a.csproj", "{20E606B8-F7C6-4F0B-937B-36217427A368}"
EndProject
Project("{9A19103F-16F7-4668-BE54-9A1E7A4F7556}") = "b", "2021\day_4\b\b.csproj", "{3F53F84D-B581-4B1D-8A09-0F1990594E76}"
EndProject
Project("{2150E333-8FDC-42A3-9474-1A3956D46DE8}") = "day_5", "day_5", "{E062201B-B008-4F81-8F54-569C39723AA4}"
EndProject
Project("{9A19103F-16F7-4668-BE54-9A1E7A4F7556}") = "a", "2021\day_5\a\a.csproj", "{F957D19A-C4E0-4656-B012-74EECFA1DC7F}"
EndProject
Project("{9A19103F-16F7-4668-BE54-9A1E7A4F7556}") = "b", "2021\day_5\b\b.csproj", "{1E0838EA-67E6-49FC-B7F8-4CB88ED19C0E}"
EndProject
Project("{2150E333-8FDC-42A3-9474-1A3956D46DE8}") = "day_6", "day_6", "{6F536147-795E-4C2D-83BC-202E7189CC2A}"
EndProject
Project("{9A19103F-16F7-4668-BE54-9A1E7A4F7556}") = "a", "2021\day_6\a\a.csproj", "{2D6BF686-5039-40D6-9EDE-3CBF4BAD0F5F}"
EndProject
Project("{9A19103F-16F7-4668-BE54-9A1E7A4F7556}") = "b", "2021\day_6\b\b.csproj", "{FB612A3C-CA9C-4E88-8058-1C6FFBD3DC21}"
EndProject
Project("{2150E333-8FDC-42A3-9474-1A3956D46DE8}") = "day_7", "day_7", "{CE98848C-AB25-467C-ABE7-BD514D9AD5FB}"
EndProject
Project("{9A19103F-16F7-4668-BE54-9A1E7A4F7556}") = "a", "2021\day_7\a\a.csproj", "{A952BC18-9D93-40B3-B671-2074AA51B1C9}"
EndProject
Project("{9A19103F-16F7-4668-BE54-9A1E7A4F7556}") = "b", "2021\day_7\b\b.csproj", "{1DD9C489-D1C6-4D0C-A7FB-F88CF1FAEB37}"
EndProject
Project("{2150E333-8FDC-42A3-9474-1A3956D46DE8}") = "day_8", "day_8", "{CD863B77-99B0-4814-8EC7-1981F04EFA61}"
EndProject
Project("{9A19103F-16F7-4668-BE54-9A1E7A4F7556}") = "a", "2021\day_8\a\a.csproj", "{75B41349-4915-4AC0-ACB6-C86FE10FD15B}"
EndProject
Project("{9A19103F-16F7-4668-BE54-9A1E7A4F7556}") = "b", "2021\day_8\b\b.csproj", "{53F52138-38E4-47E5-86A8-874D14922324}"
EndProject
Project("{2150E333-8FDC-42A3-9474-1A3956D46DE8}") = "day_9", "day_9", "{9401186A-C8F9-40EB-8E3D-4361A5C95CC2}"
EndProject
Project("{9A19103F-16F7-4668-BE54-9A1E7A4F7556}") = "a", "2021\day_9\a\a.csproj", "{57B81371-258C-4459-9AFF-BC277EDD34A0}"
EndProject
Project("{9A19103F-16F7-4668-BE54-9A1E7A4F7556}") = "b", "2021\day_9\b\b.csproj", "{88F8497E-62F9-4C7B-A7BC-F43893BFF4EB}"
EndProject
Project("{2150E333-8FDC-42A3-9474-1A3956D46DE8}") = "2022", "2022", "{AE249739-DE36-43CD-9DFA-AAF7E96DB9E8}"
EndProject
Project("{2150E333-8FDC-42A3-9474-1A3956D46DE8}") = "day_01", "day_01", "{48D01803-4117-42E7-8FB8-5BE4F0CFA49A}"
EndProject
Project("{9A19103F-16F7-4668-BE54-9A1E7A4F7556}") = "a", "2022\day_01\a\a.csproj", "{670AFAA3-7B77-4FAD-B0EB-B8F04313E5DA}"
EndProject
Project("{9A19103F-16F7-4668-BE54-9A1E7A4F7556}") = "a (1)", "2022\day_01\b\a.csproj", "{D1B8F676-8533-4A2B-843A-25024E1F412A}"
EndProject
Project("{2150E333-8FDC-42A3-9474-1A3956D46DE8}") = "day_02", "day_02", "{368F960A-1E97-4A2E-8AB4-F00E7B626E10}"
EndProject
Project("{9A19103F-16F7-4668-BE54-9A1E7A4F7556}") = "a", "2022\day_02\a\a.csproj", "{916EE4E7-3ADC-4E5A-87CB-964271AFB9CC}"
EndProject
Project("{9A19103F-16F7-4668-BE54-9A1E7A4F7556}") = "a (1)", "2022\day_02\b\a.csproj", "{AAD503A8-4616-4F32-99F8-E218D92EA69E}"
EndProject
Project("{2150E333-8FDC-42A3-9474-1A3956D46DE8}") = "day_03", "day_03", "{E906FD51-008E-4DD6-8CB4-04B9AE3A1817}"
EndProject
Project("{9A19103F-16F7-4668-BE54-9A1E7A4F7556}") = "a", "2022\day_03\a\a.csproj", "{E413B07B-8551-4B13-BDE5-210DD0182BF4}"
EndProject
Project("{9A19103F-16F7-4668-BE54-9A1E7A4F7556}") = "a (1)", "2022\day_03\b\a.csproj", "{AE8A0700-DF84-4BD4-9B9B-E8003E8E44A5}"
EndProject
Project("{2150E333-8FDC-42A3-9474-1A3956D46DE8}") = "day_04", "day_04", "{AD5B6721-D2CC-4CBA-AE59-701E693034BE}"
EndProject
Project("{9A19103F-16F7-4668-BE54-9A1E7A4F7556}") = "a", "2022\day_04\a\a.csproj", "{EFAA0DDD-0668-4C95-9E89-DB5F3F664DB2}"
EndProject
Project("{9A19103F-16F7-4668-BE54-9A1E7A4F7556}") = "a (1)", "2022\day_04\b\a.csproj", "{00B1B603-8B68-4C80-AC19-2E89F4D25E3F}"
EndProject
Project("{2150E333-8FDC-42A3-9474-1A3956D46DE8}") = "day_05", "day_05", "{0376B642-E627-46C0-80D5-5B822FDDFF42}"
EndProject
Project("{9A19103F-16F7-4668-BE54-9A1E7A4F7556}") = "a", "2022\day_05\a\a.csproj", "{486DF948-2B8E-46FD-A2B8-ACCEF277A621}"
EndProject
Project("{9A19103F-16F7-4668-BE54-9A1E7A4F7556}") = "a (1)", "2022\day_05\b\a.csproj", "{6E3B9C17-BD58-4C7F-9148-0B6E57621E75}"
EndProject
Project("{2150E333-8FDC-42A3-9474-1A3956D46DE8}") = "day_06", "day_06", "{BFC03973-E219-4FD1-9626-D54D1D318C5E}"
EndProject
Project("{9A19103F-16F7-4668-BE54-9A1E7A4F7556}") = "a", "2022\day_06\a\a.csproj", "{6F770223-C499-40FA-9010-B9CB93E72C5D}"
EndProject
Project("{9A19103F-16F7-4668-BE54-9A1E7A4F7556}") = "a (1)", "2022\day_06\b\a.csproj", "{09160533-C0F4-46BE-85A5-92C3ECACD857}"
EndProject
Project("{2150E333-8FDC-42A3-9474-1A3956D46DE8}") = "day_07", "day_07", "{32EEC0E3-4E5B-4F27-9E16-3152DF47E4ED}"
EndProject
Project("{9A19103F-16F7-4668-BE54-9A1E7A4F7556}") = "a", "2022\day_07\a\a.csproj", "{8939557B-D5B0-4222-9265-3521538CA302}"
EndProject
Project("{9A19103F-16F7-4668-BE54-9A1E7A4F7556}") = "a (1)", "2022\day_07\b\a.csproj", "{05ED366C-345B-4951-AD3A-9F64BA2D3B03}"
EndProject
Project("{2150E333-8FDC-42A3-9474-1A3956D46DE8}") = "day_08", "day_08", "{3B8A5900-90E6-43D4-9870-E1D23D9A9DB9}"
EndProject
Project("{9A19103F-16F7-4668-BE54-9A1E7A4F7556}") = "a", "2022\day_08\a\a.csproj", "{ED4750F8-420F-48E0-B2C5-3FADE6094005}"
EndProject
Project("{9A19103F-16F7-4668-BE54-9A1E7A4F7556}") = "a (1)", "2022\day_08\b\a.csproj", "{4B93084A-CC17-44BF-9024-F2DBF5EF82B3}"
EndProject
Project("{2150E333-8FDC-42A3-9474-1A3956D46DE8}") = "day_09", "day_09", "{F277E7CD-B24C-4D9A-9773-A280B0AB2849}"
EndProject
Project("{9A19103F-16F7-4668-BE54-9A1E7A4F7556}") = "a", "2022\day_09\a\a.csproj", "{9662D9C8-6138-4D06-8495-0E5143BF96F8}"
EndProject
Project("{9A19103F-16F7-4668-BE54-9A1E7A4F7556}") = "a (1)", "2022\day_09\b\a.csproj", "{86DF39B2-2622-420F-86AA-FDA65B7527F8}"
EndProject
Project("{2150E333-8FDC-42A3-9474-1A3956D46DE8}") = "day_10", "day_10", "{9C6AF39F-119A-49DF-9BAA-1EAA54FB3348}"
EndProject
Project("{9A19103F-16F7-4668-BE54-9A1E7A4F7556}") = "a", "2022\day_10\a\a.csproj", "{3E989DFA-9250-499C-AF73-30540A01B652}"
EndProject
Project("{9A19103F-16F7-4668-BE54-9A1E7A4F7556}") = "a (1)", "2022\day_10\b\a.csproj", "{90CFD096-74DC-4B46-B3A9-0397A40D431B}"
EndProject
Project("{2150E333-8FDC-42A3-9474-1A3956D46DE8}") = "day_11", "day_11", "{1F008678-2AA9-4F67-9763-8F735AD76B3B}"
EndProject
Project("{9A19103F-16F7-4668-BE54-9A1E7A4F7556}") = "a", "2022\day_11\a\a.csproj", "{984F78C3-BC0F-417A-B09F-08ACA7ABFB70}"
EndProject
Project("{9A19103F-16F7-4668-BE54-9A1E7A4F7556}") = "a (1)", "2022\day_11\b\a.csproj", "{E75EEC50-ED96-48FB-AA80-FB11B1C06DFE}"
EndProject
Project("{2150E333-8FDC-42A3-9474-1A3956D46DE8}") = "day_12", "day_12", "{4496C171-5ED5-4075-A020-D0F605CCB22E}"
EndProject
Project("{9A19103F-16F7-4668-BE54-9A1E7A4F7556}") = "a", "2022\day_12\a\a.csproj", "{5C12A506-E1EE-467D-9094-0C1947B6DA2E}"
EndProject
Project("{9A19103F-16F7-4668-BE54-9A1E7A4F7556}") = "a (1)", "2022\day_12\b\a.csproj", "{4C45C783-161E-47A1-8590-3A320071B10D}"
EndProject
Project("{2150E333-8FDC-42A3-9474-1A3956D46DE8}") = "day_13", "day_13", "{AE5409E8-5F9B-4C4A-85EB-CA003F762D50}"
EndProject
Project("{9A19103F-16F7-4668-BE54-9A1E7A4F7556}") = "a", "2022\day_13\a\a.csproj", "{40C20280-55F3-4F7A-8BB6-BD76DFAF38F7}"
EndProject
Project("{9A19103F-16F7-4668-BE54-9A1E7A4F7556}") = "a (1)", "2022\day_13\b\a.csproj", "{A4B284AF-FD50-44A0-82B8-E4068BF5ECC6}"
EndProject
Project("{2150E333-8FDC-42A3-9474-1A3956D46DE8}") = "day_14", "day_14", "{5B9F6116-6352-4609-A0A3-BDD3860DFCA5}"
EndProject
Project("{9A19103F-16F7-4668-BE54-9A1E7A4F7556}") = "a", "2022\day_14\a\a.csproj", "{0602B6D9-C703-41E2-A254-CCE9AE1FCD99}"
EndProject
Project("{9A19103F-16F7-4668-BE54-9A1E7A4F7556}") = "a (1)", "2022\day_14\b\a.csproj", "{AA8F540C-052B-44E4-B75F-711594AC3673}"
EndProject
Project("{2150E333-8FDC-42A3-9474-1A3956D46DE8}") = "day_15", "day_15", "{E06F0035-6D3A-40DD-AED2-B625C6AC6492}"
EndProject
Project("{9A19103F-16F7-4668-BE54-9A1E7A4F7556}") = "a", "2022\day_15\a\a.csproj", "{A70FE3AA-54D2-4C57-85E8-D5065D9F5CA8}"
EndProject
Project("{9A19103F-16F7-4668-BE54-9A1E7A4F7556}") = "a (1)", "2022\day_15\b\a.csproj", "{8C778DCE-19F1-4145-9ABC-E90F2A879709}"
EndProject
Project("{2150E333-8FDC-42A3-9474-1A3956D46DE8}") = "day_16", "day_16", "{D26D83EE-539E-41AE-9C73-608B3B279F9C}"
EndProject
Project("{9A19103F-16F7-4668-BE54-9A1E7A4F7556}") = "a", "2022\day_16\a\a.csproj", "{4E22FA36-F982-4E96-B2A1-15DB68F567A7}"
EndProject
Project("{9A19103F-16F7-4668-BE54-9A1E7A4F7556}") = "a (1)", "2022\day_16\b\a.csproj", "{0A3EC7E3-EEC0-4D18-8A6B-ABCA1328D647}"
EndProject
Project("{2150E333-8FDC-42A3-9474-1A3956D46DE8}") = "day_17", "day_17", "{011E1946-381D-448C-9E89-846E79C8CE75}"
EndProject
Project("{9A19103F-16F7-4668-BE54-9A1E7A4F7556}") = "a", "2022\day_17\a\a.csproj", "{2C4ED664-B90B-458B-BAFE-9DC8934A9679}"
EndProject
Project("{9A19103F-16F7-4668-BE54-9A1E7A4F7556}") = "a (1)", "2022\day_17\b\a.csproj", "{067F87A2-19B0-4ED7-BE21-A52B6C2E7EC9}"
EndProject
Project("{2150E333-8FDC-42A3-9474-1A3956D46DE8}") = "day_18", "day_18", "{419ABF6E-686B-41B6-B5B5-21B0626C8D5A}"
EndProject
Project("{9A19103F-16F7-4668-BE54-9A1E7A4F7556}") = "a", "2022\day_18\a\a.csproj", "{7794FEBF-55C2-4FE9-8630-E719F52A59A7}"
EndProject
Project("{9A19103F-16F7-4668-BE54-9A1E7A4F7556}") = "a (1)", "2022\day_18\b\a.csproj", "{24AB79BC-1E78-4E2E-AFDC-026E7CEB27D5}"
EndProject
Project("{2150E333-8FDC-42A3-9474-1A3956D46DE8}") = "day_19", "day_19", "{FF983D64-33AF-4F76-8C89-3DA848F0B4D8}"
EndProject
Project("{9A19103F-16F7-4668-BE54-9A1E7A4F7556}") = "a", "2022\day_19\a\a.csproj", "{F0D23A0A-167A-4413-A8CB-4F47B1D78CB6}"
EndProject
Project("{9A19103F-16F7-4668-BE54-9A1E7A4F7556}") = "a (1)", "2022\day_19\b\a.csproj", "{4AA42380-3DB7-4575-80B9-7B4B63994621}"
EndProject
Project("{2150E333-8FDC-42A3-9474-1A3956D46DE8}") = "day_20", "day_20", "{20BB9822-CFF3-4AC2-A29B-01E40059B0CE}"
EndProject
Project("{9A19103F-16F7-4668-BE54-9A1E7A4F7556}") = "a", "2022\day_20\a\a.csproj", "{88ABDD0C-821F-4D3C-B36D-97B1E3F368E9}"
EndProject
Project("{9A19103F-16F7-4668-BE54-9A1E7A4F7556}") = "a (1)", "2022\day_20\b\a.csproj", "{701CFA9F-EF62-4C08-9F45-836FB8426975}"
EndProject
Project("{2150E333-8FDC-42A3-9474-1A3956D46DE8}") = "day_21", "day_21", "{A2FE87B4-CEB2-4228-B044-11B9953DEE7A}"
EndProject
Project("{9A19103F-16F7-4668-BE54-9A1E7A4F7556}") = "a", "2022\day_21\a\a.csproj", "{C8D8DC3C-EB07-4F45-A747-6C5F16D115F0}"
EndProject
Project("{9A19103F-16F7-4668-BE54-9A1E7A4F7556}") = "a (1)", "2022\day_21\b\a.csproj", "{627097AC-3CDA-4F19-86DA-DCCC4954681C}"
EndProject
Project("{2150E333-8FDC-42A3-9474-1A3956D46DE8}") = "day_22", "day_22", "{2E1AB0BF-0899-42D6-9B4C-1EA5709E2E0D}"
EndProject
Project("{9A19103F-16F7-4668-BE54-9A1E7A4F7556}") = "a", "2022\day_22\a\a.csproj", "{80EAA429-74E7-4068-9DD5-FA0C6B095C59}"
EndProject
Project("{9A19103F-16F7-4668-BE54-9A1E7A4F7556}") = "a (1)", "2022\day_22\b\a.csproj", "{C8C0D6EA-0B2E-4BA8-B314-2E460F59B645}"
EndProject
Project("{2150E333-8FDC-42A3-9474-1A3956D46DE8}") = "day_23", "day_23", "{01537BD5-8A54-4549-8B34-3F9E65E7EA16}"
EndProject
Project("{9A19103F-16F7-4668-BE54-9A1E7A4F7556}") = "a", "2022\day_23\a\a.csproj", "{5CA351F3-0465-46DB-818D-525AFD048841}"
EndProject
Project("{9A19103F-16F7-4668-BE54-9A1E7A4F7556}") = "a (1)", "2022\day_23\b\a.csproj", "{16CAB363-AD2C-4B38-9533-67FDE0E588F7}"
EndProject
Project("{2150E333-8FDC-42A3-9474-1A3956D46DE8}") = "day_24", "day_24", "{9DC7FF40-6473-45B4-82B3-80D676DFDE10}"
EndProject
Project("{9A19103F-16F7-4668-BE54-9A1E7A4F7556}") = "a", "2022\day_24\a\a.csproj", "{8E826EE5-202B-4F77-8D1C-847C263D272E}"
EndProject
Project("{9A19103F-16F7-4668-BE54-9A1E7A4F7556}") = "a (1)", "2022\day_24\b\a.csproj", "{EAE2874D-81BE-4920-8A9A-59DD05553EA2}"
EndProject
Project("{2150E333-8FDC-42A3-9474-1A3956D46DE8}") = "day_25", "day_25", "{BAFC19A1-D118-466E-97D7-F34D2A5DFED1}"
EndProject
Project("{9A19103F-16F7-4668-BE54-9A1E7A4F7556}") = "a", "2022\day_25\a\a.csproj", "{48D0C310-278D-4371-97D5-BEC1B0E820D4}"
EndProject
Project("{9A19103F-16F7-4668-BE54-9A1E7A4F7556}") = "a (1)", "2022\day_25\b\a.csproj", "{68C5736D-7DA8-4BF2-A066-F138DBBE5F78}"
EndProject
Global
	GlobalSection(SolutionConfigurationPlatforms) = preSolution
		Debug|Any CPU = Debug|Any CPU
		Release|Any CPU = Release|Any CPU
	EndGlobalSection
	GlobalSection(ProjectConfigurationPlatforms) = postSolution
		{E83802FB-295E-48B3-978C-07976421FA35}.Debug|Any CPU.ActiveCfg = Debug|Any CPU
		{E83802FB-295E-48B3-978C-07976421FA35}.Debug|Any CPU.Build.0 = Debug|Any CPU
		{E83802FB-295E-48B3-978C-07976421FA35}.Release|Any CPU.ActiveCfg = Release|Any CPU
		{E83802FB-295E-48B3-978C-07976421FA35}.Release|Any CPU.Build.0 = Release|Any CPU
		{A745D9A0-F735-41CE-A22A-14C9F7CEE5DB}.Debug|Any CPU.ActiveCfg = Debug|Any CPU
		{A745D9A0-F735-41CE-A22A-14C9F7CEE5DB}.Debug|Any CPU.Build.0 = Debug|Any CPU
		{A745D9A0-F735-41CE-A22A-14C9F7CEE5DB}.Release|Any CPU.ActiveCfg = Release|Any CPU
		{A745D9A0-F735-41CE-A22A-14C9F7CEE5DB}.Release|Any CPU.Build.0 = Release|Any CPU
		{12001FB4-B6A8-4D94-BEF8-DB1166A30D78}.Debug|Any CPU.ActiveCfg = Debug|Any CPU
		{12001FB4-B6A8-4D94-BEF8-DB1166A30D78}.Debug|Any CPU.Build.0 = Debug|Any CPU
		{12001FB4-B6A8-4D94-BEF8-DB1166A30D78}.Release|Any CPU.ActiveCfg = Release|Any CPU
		{12001FB4-B6A8-4D94-BEF8-DB1166A30D78}.Release|Any CPU.Build.0 = Release|Any CPU
		{14C377A4-DDB0-4EAD-8975-358FE33055B5}.Debug|Any CPU.ActiveCfg = Debug|Any CPU
		{14C377A4-DDB0-4EAD-8975-358FE33055B5}.Debug|Any CPU.Build.0 = Debug|Any CPU
		{14C377A4-DDB0-4EAD-8975-358FE33055B5}.Release|Any CPU.ActiveCfg = Release|Any CPU
		{14C377A4-DDB0-4EAD-8975-358FE33055B5}.Release|Any CPU.Build.0 = Release|Any CPU
		{ECD41917-70C7-4FDC-AD94-EC0AFCB82DC3}.Debug|Any CPU.ActiveCfg = Debug|Any CPU
		{ECD41917-70C7-4FDC-AD94-EC0AFCB82DC3}.Debug|Any CPU.Build.0 = Debug|Any CPU
		{ECD41917-70C7-4FDC-AD94-EC0AFCB82DC3}.Release|Any CPU.ActiveCfg = Release|Any CPU
		{ECD41917-70C7-4FDC-AD94-EC0AFCB82DC3}.Release|Any CPU.Build.0 = Release|Any CPU
		{2C0BA406-A668-4A46-A0A9-1650DA423495}.Debug|Any CPU.ActiveCfg = Debug|Any CPU
		{2C0BA406-A668-4A46-A0A9-1650DA423495}.Debug|Any CPU.Build.0 = Debug|Any CPU
		{2C0BA406-A668-4A46-A0A9-1650DA423495}.Release|Any CPU.ActiveCfg = Release|Any CPU
		{2C0BA406-A668-4A46-A0A9-1650DA423495}.Release|Any CPU.Build.0 = Release|Any CPU
		{B3CDD743-5E19-45B9-AE9B-BAF01079F963}.Debug|Any CPU.ActiveCfg = Debug|Any CPU
		{B3CDD743-5E19-45B9-AE9B-BAF01079F963}.Debug|Any CPU.Build.0 = Debug|Any CPU
		{B3CDD743-5E19-45B9-AE9B-BAF01079F963}.Release|Any CPU.ActiveCfg = Release|Any CPU
		{B3CDD743-5E19-45B9-AE9B-BAF01079F963}.Release|Any CPU.Build.0 = Release|Any CPU
		{F97E62CE-9D3B-426F-8C43-E711B5B296A7}.Debug|Any CPU.ActiveCfg = Debug|Any CPU
		{F97E62CE-9D3B-426F-8C43-E711B5B296A7}.Debug|Any CPU.Build.0 = Debug|Any CPU
		{F97E62CE-9D3B-426F-8C43-E711B5B296A7}.Release|Any CPU.ActiveCfg = Release|Any CPU
		{F97E62CE-9D3B-426F-8C43-E711B5B296A7}.Release|Any CPU.Build.0 = Release|Any CPU
		{8B137C32-4796-47AE-94F5-B217676E15DD}.Debug|Any CPU.ActiveCfg = Debug|Any CPU
		{8B137C32-4796-47AE-94F5-B217676E15DD}.Debug|Any CPU.Build.0 = Debug|Any CPU
		{8B137C32-4796-47AE-94F5-B217676E15DD}.Release|Any CPU.ActiveCfg = Release|Any CPU
		{8B137C32-4796-47AE-94F5-B217676E15DD}.Release|Any CPU.Build.0 = Release|Any CPU
		{84E67CB9-C1FC-4760-BA4A-98D2B959798D}.Debug|Any CPU.ActiveCfg = Debug|Any CPU
		{84E67CB9-C1FC-4760-BA4A-98D2B959798D}.Debug|Any CPU.Build.0 = Debug|Any CPU
		{84E67CB9-C1FC-4760-BA4A-98D2B959798D}.Release|Any CPU.ActiveCfg = Release|Any CPU
		{84E67CB9-C1FC-4760-BA4A-98D2B959798D}.Release|Any CPU.Build.0 = Release|Any CPU
		{FD5DB0F8-13F5-486C-A1A3-337CB98449A2}.Debug|Any CPU.ActiveCfg = Debug|Any CPU
		{FD5DB0F8-13F5-486C-A1A3-337CB98449A2}.Debug|Any CPU.Build.0 = Debug|Any CPU
		{FD5DB0F8-13F5-486C-A1A3-337CB98449A2}.Release|Any CPU.ActiveCfg = Release|Any CPU
		{FD5DB0F8-13F5-486C-A1A3-337CB98449A2}.Release|Any CPU.Build.0 = Release|Any CPU
		{2F7F9E7D-248B-4DAC-87E7-AED4C219BA0A}.Debug|Any CPU.ActiveCfg = Debug|Any CPU
		{2F7F9E7D-248B-4DAC-87E7-AED4C219BA0A}.Debug|Any CPU.Build.0 = Debug|Any CPU
		{2F7F9E7D-248B-4DAC-87E7-AED4C219BA0A}.Release|Any CPU.ActiveCfg = Release|Any CPU
		{2F7F9E7D-248B-4DAC-87E7-AED4C219BA0A}.Release|Any CPU.Build.0 = Release|Any CPU
		{42B1A427-3FD0-4E86-B5A4-E88BEEC7DCC1}.Debug|Any CPU.ActiveCfg = Debug|Any CPU
		{42B1A427-3FD0-4E86-B5A4-E88BEEC7DCC1}.Debug|Any CPU.Build.0 = Debug|Any CPU
		{42B1A427-3FD0-4E86-B5A4-E88BEEC7DCC1}.Release|Any CPU.ActiveCfg = Release|Any CPU
		{42B1A427-3FD0-4E86-B5A4-E88BEEC7DCC1}.Release|Any CPU.Build.0 = Release|Any CPU
		{C334E436-A9FC-4309-B20A-BC476766EF43}.Debug|Any CPU.ActiveCfg = Debug|Any CPU
		{C334E436-A9FC-4309-B20A-BC476766EF43}.Debug|Any CPU.Build.0 = Debug|Any CPU
		{C334E436-A9FC-4309-B20A-BC476766EF43}.Release|Any CPU.ActiveCfg = Release|Any CPU
		{C334E436-A9FC-4309-B20A-BC476766EF43}.Release|Any CPU.Build.0 = Release|Any CPU
		{89EE19FB-3ABF-49CC-830F-AE04F93AD0EF}.Debug|Any CPU.ActiveCfg = Debug|Any CPU
		{89EE19FB-3ABF-49CC-830F-AE04F93AD0EF}.Debug|Any CPU.Build.0 = Debug|Any CPU
		{89EE19FB-3ABF-49CC-830F-AE04F93AD0EF}.Release|Any CPU.ActiveCfg = Release|Any CPU
		{89EE19FB-3ABF-49CC-830F-AE04F93AD0EF}.Release|Any CPU.Build.0 = Release|Any CPU
		{6791630D-5184-4F35-8DD2-39E9767A3B8B}.Debug|Any CPU.ActiveCfg = Debug|Any CPU
		{6791630D-5184-4F35-8DD2-39E9767A3B8B}.Debug|Any CPU.Build.0 = Debug|Any CPU
		{6791630D-5184-4F35-8DD2-39E9767A3B8B}.Release|Any CPU.ActiveCfg = Release|Any CPU
		{6791630D-5184-4F35-8DD2-39E9767A3B8B}.Release|Any CPU.Build.0 = Release|Any CPU
		{F70DAD47-A836-40B5-840E-E2661712C0D3}.Debug|Any CPU.ActiveCfg = Debug|Any CPU
		{F70DAD47-A836-40B5-840E-E2661712C0D3}.Debug|Any CPU.Build.0 = Debug|Any CPU
		{F70DAD47-A836-40B5-840E-E2661712C0D3}.Release|Any CPU.ActiveCfg = Release|Any CPU
		{F70DAD47-A836-40B5-840E-E2661712C0D3}.Release|Any CPU.Build.0 = Release|Any CPU
		{CF203AB3-8003-474D-A90F-D56217A0D3ED}.Debug|Any CPU.ActiveCfg = Debug|Any CPU
		{CF203AB3-8003-474D-A90F-D56217A0D3ED}.Debug|Any CPU.Build.0 = Debug|Any CPU
		{CF203AB3-8003-474D-A90F-D56217A0D3ED}.Release|Any CPU.ActiveCfg = Release|Any CPU
		{CF203AB3-8003-474D-A90F-D56217A0D3ED}.Release|Any CPU.Build.0 = Release|Any CPU
		{D2887C06-9E67-46B1-9804-18A158D4ED66}.Debug|Any CPU.ActiveCfg = Debug|Any CPU
		{D2887C06-9E67-46B1-9804-18A158D4ED66}.Debug|Any CPU.Build.0 = Debug|Any CPU
		{D2887C06-9E67-46B1-9804-18A158D4ED66}.Release|Any CPU.ActiveCfg = Release|Any CPU
		{D2887C06-9E67-46B1-9804-18A158D4ED66}.Release|Any CPU.Build.0 = Release|Any CPU
		{9C33D64B-314E-4D92-A87E-DB68C74847A7}.Debug|Any CPU.ActiveCfg = Debug|Any CPU
		{9C33D64B-314E-4D92-A87E-DB68C74847A7}.Debug|Any CPU.Build.0 = Debug|Any CPU
		{9C33D64B-314E-4D92-A87E-DB68C74847A7}.Release|Any CPU.ActiveCfg = Release|Any CPU
		{9C33D64B-314E-4D92-A87E-DB68C74847A7}.Release|Any CPU.Build.0 = Release|Any CPU
		{61E34FE4-AB29-4244-AF7F-1DF56DAB0606}.Debug|Any CPU.ActiveCfg = Debug|Any CPU
		{61E34FE4-AB29-4244-AF7F-1DF56DAB0606}.Debug|Any CPU.Build.0 = Debug|Any CPU
		{61E34FE4-AB29-4244-AF7F-1DF56DAB0606}.Release|Any CPU.ActiveCfg = Release|Any CPU
		{61E34FE4-AB29-4244-AF7F-1DF56DAB0606}.Release|Any CPU.Build.0 = Release|Any CPU
		{A41BEE07-E8B6-4E5C-BA0E-30A2CE8C9E01}.Debug|Any CPU.ActiveCfg = Debug|Any CPU
		{A41BEE07-E8B6-4E5C-BA0E-30A2CE8C9E01}.Debug|Any CPU.Build.0 = Debug|Any CPU
		{A41BEE07-E8B6-4E5C-BA0E-30A2CE8C9E01}.Release|Any CPU.ActiveCfg = Release|Any CPU
		{A41BEE07-E8B6-4E5C-BA0E-30A2CE8C9E01}.Release|Any CPU.Build.0 = Release|Any CPU
		{C1DF3448-17D3-417C-869F-2E64B78729D2}.Debug|Any CPU.ActiveCfg = Debug|Any CPU
		{C1DF3448-17D3-417C-869F-2E64B78729D2}.Debug|Any CPU.Build.0 = Debug|Any CPU
		{C1DF3448-17D3-417C-869F-2E64B78729D2}.Release|Any CPU.ActiveCfg = Release|Any CPU
		{C1DF3448-17D3-417C-869F-2E64B78729D2}.Release|Any CPU.Build.0 = Release|Any CPU
		{0087A879-3516-4F15-90DE-5026D1DBB4FC}.Debug|Any CPU.ActiveCfg = Debug|Any CPU
		{0087A879-3516-4F15-90DE-5026D1DBB4FC}.Debug|Any CPU.Build.0 = Debug|Any CPU
		{0087A879-3516-4F15-90DE-5026D1DBB4FC}.Release|Any CPU.ActiveCfg = Release|Any CPU
		{0087A879-3516-4F15-90DE-5026D1DBB4FC}.Release|Any CPU.Build.0 = Release|Any CPU
		{43094BB2-5A07-4CF2-8B74-2DB951044C78}.Debug|Any CPU.ActiveCfg = Debug|Any CPU
		{43094BB2-5A07-4CF2-8B74-2DB951044C78}.Debug|Any CPU.Build.0 = Debug|Any CPU
		{43094BB2-5A07-4CF2-8B74-2DB951044C78}.Release|Any CPU.ActiveCfg = Release|Any CPU
		{43094BB2-5A07-4CF2-8B74-2DB951044C78}.Release|Any CPU.Build.0 = Release|Any CPU
		{647E9E8D-F485-40AC-AC82-EB26FFFB76DF}.Debug|Any CPU.ActiveCfg = Debug|Any CPU
		{647E9E8D-F485-40AC-AC82-EB26FFFB76DF}.Debug|Any CPU.Build.0 = Debug|Any CPU
		{647E9E8D-F485-40AC-AC82-EB26FFFB76DF}.Release|Any CPU.ActiveCfg = Release|Any CPU
		{647E9E8D-F485-40AC-AC82-EB26FFFB76DF}.Release|Any CPU.Build.0 = Release|Any CPU
		{D5765CC6-C564-4EDA-9190-D73763C00A70}.Debug|Any CPU.ActiveCfg = Debug|Any CPU
		{D5765CC6-C564-4EDA-9190-D73763C00A70}.Debug|Any CPU.Build.0 = Debug|Any CPU
		{D5765CC6-C564-4EDA-9190-D73763C00A70}.Release|Any CPU.ActiveCfg = Release|Any CPU
		{D5765CC6-C564-4EDA-9190-D73763C00A70}.Release|Any CPU.Build.0 = Release|Any CPU
		{12BADC62-31A8-4C73-AB61-B9A25B25344D}.Debug|Any CPU.ActiveCfg = Debug|Any CPU
		{12BADC62-31A8-4C73-AB61-B9A25B25344D}.Debug|Any CPU.Build.0 = Debug|Any CPU
		{12BADC62-31A8-4C73-AB61-B9A25B25344D}.Release|Any CPU.ActiveCfg = Release|Any CPU
		{12BADC62-31A8-4C73-AB61-B9A25B25344D}.Release|Any CPU.Build.0 = Release|Any CPU
		{7D970211-3F71-4EF0-A886-72F193E3D54B}.Debug|Any CPU.ActiveCfg = Debug|Any CPU
		{7D970211-3F71-4EF0-A886-72F193E3D54B}.Debug|Any CPU.Build.0 = Debug|Any CPU
		{7D970211-3F71-4EF0-A886-72F193E3D54B}.Release|Any CPU.ActiveCfg = Release|Any CPU
		{7D970211-3F71-4EF0-A886-72F193E3D54B}.Release|Any CPU.Build.0 = Release|Any CPU
		{93E0DB34-EA8E-4EB9-8DBD-A4F0EBCDCD49}.Debug|Any CPU.ActiveCfg = Debug|Any CPU
		{93E0DB34-EA8E-4EB9-8DBD-A4F0EBCDCD49}.Debug|Any CPU.Build.0 = Debug|Any CPU
		{93E0DB34-EA8E-4EB9-8DBD-A4F0EBCDCD49}.Release|Any CPU.ActiveCfg = Release|Any CPU
		{93E0DB34-EA8E-4EB9-8DBD-A4F0EBCDCD49}.Release|Any CPU.Build.0 = Release|Any CPU
		{D15035F0-2180-45E3-9AE9-6C969B79FCC5}.Debug|Any CPU.ActiveCfg = Debug|Any CPU
		{D15035F0-2180-45E3-9AE9-6C969B79FCC5}.Debug|Any CPU.Build.0 = Debug|Any CPU
		{D15035F0-2180-45E3-9AE9-6C969B79FCC5}.Release|Any CPU.ActiveCfg = Release|Any CPU
		{D15035F0-2180-45E3-9AE9-6C969B79FCC5}.Release|Any CPU.Build.0 = Release|Any CPU
		{2E4A5A5C-FB02-496B-BFB1-41E8464C9B95}.Debug|Any CPU.ActiveCfg = Debug|Any CPU
		{2E4A5A5C-FB02-496B-BFB1-41E8464C9B95}.Debug|Any CPU.Build.0 = Debug|Any CPU
		{2E4A5A5C-FB02-496B-BFB1-41E8464C9B95}.Release|Any CPU.ActiveCfg = Release|Any CPU
		{2E4A5A5C-FB02-496B-BFB1-41E8464C9B95}.Release|Any CPU.Build.0 = Release|Any CPU
		{3031AAB3-D519-45EB-ADEA-343B2591FF4D}.Debug|Any CPU.ActiveCfg = Debug|Any CPU
		{3031AAB3-D519-45EB-ADEA-343B2591FF4D}.Debug|Any CPU.Build.0 = Debug|Any CPU
		{3031AAB3-D519-45EB-ADEA-343B2591FF4D}.Release|Any CPU.ActiveCfg = Release|Any CPU
		{3031AAB3-D519-45EB-ADEA-343B2591FF4D}.Release|Any CPU.Build.0 = Release|Any CPU
		{A9C86178-044E-4E5D-87A3-3922F333FB13}.Debug|Any CPU.ActiveCfg = Debug|Any CPU
		{A9C86178-044E-4E5D-87A3-3922F333FB13}.Debug|Any CPU.Build.0 = Debug|Any CPU
		{A9C86178-044E-4E5D-87A3-3922F333FB13}.Release|Any CPU.ActiveCfg = Release|Any CPU
		{A9C86178-044E-4E5D-87A3-3922F333FB13}.Release|Any CPU.Build.0 = Release|Any CPU
		{A43AEEE8-E68C-4667-985A-7E1B5C27B45F}.Debug|Any CPU.ActiveCfg = Debug|Any CPU
		{A43AEEE8-E68C-4667-985A-7E1B5C27B45F}.Debug|Any CPU.Build.0 = Debug|Any CPU
		{A43AEEE8-E68C-4667-985A-7E1B5C27B45F}.Release|Any CPU.ActiveCfg = Release|Any CPU
		{A43AEEE8-E68C-4667-985A-7E1B5C27B45F}.Release|Any CPU.Build.0 = Release|Any CPU
		{1BDA3217-B29C-4428-B483-3EB8D579FFE4}.Debug|Any CPU.ActiveCfg = Debug|Any CPU
		{1BDA3217-B29C-4428-B483-3EB8D579FFE4}.Debug|Any CPU.Build.0 = Debug|Any CPU
		{1BDA3217-B29C-4428-B483-3EB8D579FFE4}.Release|Any CPU.ActiveCfg = Release|Any CPU
		{1BDA3217-B29C-4428-B483-3EB8D579FFE4}.Release|Any CPU.Build.0 = Release|Any CPU
		{A0007949-8079-499C-A463-EBAEC6D23C91}.Debug|Any CPU.ActiveCfg = Debug|Any CPU
		{A0007949-8079-499C-A463-EBAEC6D23C91}.Debug|Any CPU.Build.0 = Debug|Any CPU
		{A0007949-8079-499C-A463-EBAEC6D23C91}.Release|Any CPU.ActiveCfg = Release|Any CPU
		{A0007949-8079-499C-A463-EBAEC6D23C91}.Release|Any CPU.Build.0 = Release|Any CPU
		{B5FDDA2C-3F97-4054-A612-AF0F2E25D6AD}.Debug|Any CPU.ActiveCfg = Debug|Any CPU
		{B5FDDA2C-3F97-4054-A612-AF0F2E25D6AD}.Debug|Any CPU.Build.0 = Debug|Any CPU
		{B5FDDA2C-3F97-4054-A612-AF0F2E25D6AD}.Release|Any CPU.ActiveCfg = Release|Any CPU
		{B5FDDA2C-3F97-4054-A612-AF0F2E25D6AD}.Release|Any CPU.Build.0 = Release|Any CPU
		{92C1767C-6371-4A87-93C4-DCB19D7B3214}.Debug|Any CPU.ActiveCfg = Debug|Any CPU
		{92C1767C-6371-4A87-93C4-DCB19D7B3214}.Debug|Any CPU.Build.0 = Debug|Any CPU
		{92C1767C-6371-4A87-93C4-DCB19D7B3214}.Release|Any CPU.ActiveCfg = Release|Any CPU
		{92C1767C-6371-4A87-93C4-DCB19D7B3214}.Release|Any CPU.Build.0 = Release|Any CPU
		{20E606B8-F7C6-4F0B-937B-36217427A368}.Debug|Any CPU.ActiveCfg = Debug|Any CPU
		{20E606B8-F7C6-4F0B-937B-36217427A368}.Debug|Any CPU.Build.0 = Debug|Any CPU
		{20E606B8-F7C6-4F0B-937B-36217427A368}.Release|Any CPU.ActiveCfg = Release|Any CPU
		{20E606B8-F7C6-4F0B-937B-36217427A368}.Release|Any CPU.Build.0 = Release|Any CPU
		{3F53F84D-B581-4B1D-8A09-0F1990594E76}.Debug|Any CPU.ActiveCfg = Debug|Any CPU
		{3F53F84D-B581-4B1D-8A09-0F1990594E76}.Debug|Any CPU.Build.0 = Debug|Any CPU
		{3F53F84D-B581-4B1D-8A09-0F1990594E76}.Release|Any CPU.ActiveCfg = Release|Any CPU
		{3F53F84D-B581-4B1D-8A09-0F1990594E76}.Release|Any CPU.Build.0 = Release|Any CPU
		{F957D19A-C4E0-4656-B012-74EECFA1DC7F}.Debug|Any CPU.ActiveCfg = Debug|Any CPU
		{F957D19A-C4E0-4656-B012-74EECFA1DC7F}.Debug|Any CPU.Build.0 = Debug|Any CPU
		{F957D19A-C4E0-4656-B012-74EECFA1DC7F}.Release|Any CPU.ActiveCfg = Release|Any CPU
		{F957D19A-C4E0-4656-B012-74EECFA1DC7F}.Release|Any CPU.Build.0 = Release|Any CPU
		{1E0838EA-67E6-49FC-B7F8-4CB88ED19C0E}.Debug|Any CPU.ActiveCfg = Debug|Any CPU
		{1E0838EA-67E6-49FC-B7F8-4CB88ED19C0E}.Debug|Any CPU.Build.0 = Debug|Any CPU
		{1E0838EA-67E6-49FC-B7F8-4CB88ED19C0E}.Release|Any CPU.ActiveCfg = Release|Any CPU
		{1E0838EA-67E6-49FC-B7F8-4CB88ED19C0E}.Release|Any CPU.Build.0 = Release|Any CPU
		{2D6BF686-5039-40D6-9EDE-3CBF4BAD0F5F}.Debug|Any CPU.ActiveCfg = Debug|Any CPU
		{2D6BF686-5039-40D6-9EDE-3CBF4BAD0F5F}.Debug|Any CPU.Build.0 = Debug|Any CPU
		{2D6BF686-5039-40D6-9EDE-3CBF4BAD0F5F}.Release|Any CPU.ActiveCfg = Release|Any CPU
		{2D6BF686-5039-40D6-9EDE-3CBF4BAD0F5F}.Release|Any CPU.Build.0 = Release|Any CPU
		{FB612A3C-CA9C-4E88-8058-1C6FFBD3DC21}.Debug|Any CPU.ActiveCfg = Debug|Any CPU
		{FB612A3C-CA9C-4E88-8058-1C6FFBD3DC21}.Debug|Any CPU.Build.0 = Debug|Any CPU
		{FB612A3C-CA9C-4E88-8058-1C6FFBD3DC21}.Release|Any CPU.ActiveCfg = Release|Any CPU
		{FB612A3C-CA9C-4E88-8058-1C6FFBD3DC21}.Release|Any CPU.Build.0 = Release|Any CPU
		{A952BC18-9D93-40B3-B671-2074AA51B1C9}.Debug|Any CPU.ActiveCfg = Debug|Any CPU
		{A952BC18-9D93-40B3-B671-2074AA51B1C9}.Debug|Any CPU.Build.0 = Debug|Any CPU
		{A952BC18-9D93-40B3-B671-2074AA51B1C9}.Release|Any CPU.ActiveCfg = Release|Any CPU
		{A952BC18-9D93-40B3-B671-2074AA51B1C9}.Release|Any CPU.Build.0 = Release|Any CPU
		{1DD9C489-D1C6-4D0C-A7FB-F88CF1FAEB37}.Debug|Any CPU.ActiveCfg = Debug|Any CPU
		{1DD9C489-D1C6-4D0C-A7FB-F88CF1FAEB37}.Debug|Any CPU.Build.0 = Debug|Any CPU
		{1DD9C489-D1C6-4D0C-A7FB-F88CF1FAEB37}.Release|Any CPU.ActiveCfg = Release|Any CPU
		{1DD9C489-D1C6-4D0C-A7FB-F88CF1FAEB37}.Release|Any CPU.Build.0 = Release|Any CPU
		{75B41349-4915-4AC0-ACB6-C86FE10FD15B}.Debug|Any CPU.ActiveCfg = Debug|Any CPU
		{75B41349-4915-4AC0-ACB6-C86FE10FD15B}.Debug|Any CPU.Build.0 = Debug|Any CPU
		{75B41349-4915-4AC0-ACB6-C86FE10FD15B}.Release|Any CPU.ActiveCfg = Release|Any CPU
		{75B41349-4915-4AC0-ACB6-C86FE10FD15B}.Release|Any CPU.Build.0 = Release|Any CPU
		{53F52138-38E4-47E5-86A8-874D14922324}.Debug|Any CPU.ActiveCfg = Debug|Any CPU
		{53F52138-38E4-47E5-86A8-874D14922324}.Debug|Any CPU.Build.0 = Debug|Any CPU
		{53F52138-38E4-47E5-86A8-874D14922324}.Release|Any CPU.ActiveCfg = Release|Any CPU
		{53F52138-38E4-47E5-86A8-874D14922324}.Release|Any CPU.Build.0 = Release|Any CPU
		{57B81371-258C-4459-9AFF-BC277EDD34A0}.Debug|Any CPU.ActiveCfg = Debug|Any CPU
		{57B81371-258C-4459-9AFF-BC277EDD34A0}.Debug|Any CPU.Build.0 = Debug|Any CPU
		{57B81371-258C-4459-9AFF-BC277EDD34A0}.Release|Any CPU.ActiveCfg = Release|Any CPU
		{57B81371-258C-4459-9AFF-BC277EDD34A0}.Release|Any CPU.Build.0 = Release|Any CPU
		{88F8497E-62F9-4C7B-A7BC-F43893BFF4EB}.Debug|Any CPU.ActiveCfg = Debug|Any CPU
		{88F8497E-62F9-4C7B-A7BC-F43893BFF4EB}.Debug|Any CPU.Build.0 = Debug|Any CPU
		{88F8497E-62F9-4C7B-A7BC-F43893BFF4EB}.Release|Any CPU.ActiveCfg = Release|Any CPU
		{88F8497E-62F9-4C7B-A7BC-F43893BFF4EB}.Release|Any CPU.Build.0 = Release|Any CPU
		{670AFAA3-7B77-4FAD-B0EB-B8F04313E5DA}.Debug|Any CPU.ActiveCfg = Debug|Any CPU
		{670AFAA3-7B77-4FAD-B0EB-B8F04313E5DA}.Debug|Any CPU.Build.0 = Debug|Any CPU
		{670AFAA3-7B77-4FAD-B0EB-B8F04313E5DA}.Release|Any CPU.ActiveCfg = Release|Any CPU
		{670AFAA3-7B77-4FAD-B0EB-B8F04313E5DA}.Release|Any CPU.Build.0 = Release|Any CPU
		{D1B8F676-8533-4A2B-843A-25024E1F412A}.Debug|Any CPU.ActiveCfg = Debug|Any CPU
		{D1B8F676-8533-4A2B-843A-25024E1F412A}.Debug|Any CPU.Build.0 = Debug|Any CPU
		{D1B8F676-8533-4A2B-843A-25024E1F412A}.Release|Any CPU.ActiveCfg = Release|Any CPU
		{D1B8F676-8533-4A2B-843A-25024E1F412A}.Release|Any CPU.Build.0 = Release|Any CPU
		{916EE4E7-3ADC-4E5A-87CB-964271AFB9CC}.Debug|Any CPU.ActiveCfg = Debug|Any CPU
		{916EE4E7-3ADC-4E5A-87CB-964271AFB9CC}.Debug|Any CPU.Build.0 = Debug|Any CPU
		{916EE4E7-3ADC-4E5A-87CB-964271AFB9CC}.Release|Any CPU.ActiveCfg = Release|Any CPU
		{916EE4E7-3ADC-4E5A-87CB-964271AFB9CC}.Release|Any CPU.Build.0 = Release|Any CPU
		{AAD503A8-4616-4F32-99F8-E218D92EA69E}.Debug|Any CPU.ActiveCfg = Debug|Any CPU
		{AAD503A8-4616-4F32-99F8-E218D92EA69E}.Debug|Any CPU.Build.0 = Debug|Any CPU
		{AAD503A8-4616-4F32-99F8-E218D92EA69E}.Release|Any CPU.ActiveCfg = Release|Any CPU
		{AAD503A8-4616-4F32-99F8-E218D92EA69E}.Release|Any CPU.Build.0 = Release|Any CPU
		{E413B07B-8551-4B13-BDE5-210DD0182BF4}.Debug|Any CPU.ActiveCfg = Debug|Any CPU
		{E413B07B-8551-4B13-BDE5-210DD0182BF4}.Debug|Any CPU.Build.0 = Debug|Any CPU
		{E413B07B-8551-4B13-BDE5-210DD0182BF4}.Release|Any CPU.ActiveCfg = Release|Any CPU
		{E413B07B-8551-4B13-BDE5-210DD0182BF4}.Release|Any CPU.Build.0 = Release|Any CPU
		{AE8A0700-DF84-4BD4-9B9B-E8003E8E44A5}.Debug|Any CPU.ActiveCfg = Debug|Any CPU
		{AE8A0700-DF84-4BD4-9B9B-E8003E8E44A5}.Debug|Any CPU.Build.0 = Debug|Any CPU
		{AE8A0700-DF84-4BD4-9B9B-E8003E8E44A5}.Release|Any CPU.ActiveCfg = Release|Any CPU
		{AE8A0700-DF84-4BD4-9B9B-E8003E8E44A5}.Release|Any CPU.Build.0 = Release|Any CPU
		{EFAA0DDD-0668-4C95-9E89-DB5F3F664DB2}.Debug|Any CPU.ActiveCfg = Debug|Any CPU
		{EFAA0DDD-0668-4C95-9E89-DB5F3F664DB2}.Debug|Any CPU.Build.0 = Debug|Any CPU
		{EFAA0DDD-0668-4C95-9E89-DB5F3F664DB2}.Release|Any CPU.ActiveCfg = Release|Any CPU
		{EFAA0DDD-0668-4C95-9E89-DB5F3F664DB2}.Release|Any CPU.Build.0 = Release|Any CPU
		{00B1B603-8B68-4C80-AC19-2E89F4D25E3F}.Debug|Any CPU.ActiveCfg = Debug|Any CPU
		{00B1B603-8B68-4C80-AC19-2E89F4D25E3F}.Debug|Any CPU.Build.0 = Debug|Any CPU
		{00B1B603-8B68-4C80-AC19-2E89F4D25E3F}.Release|Any CPU.ActiveCfg = Release|Any CPU
		{00B1B603-8B68-4C80-AC19-2E89F4D25E3F}.Release|Any CPU.Build.0 = Release|Any CPU
		{486DF948-2B8E-46FD-A2B8-ACCEF277A621}.Debug|Any CPU.ActiveCfg = Debug|Any CPU
		{486DF948-2B8E-46FD-A2B8-ACCEF277A621}.Debug|Any CPU.Build.0 = Debug|Any CPU
		{486DF948-2B8E-46FD-A2B8-ACCEF277A621}.Release|Any CPU.ActiveCfg = Release|Any CPU
		{486DF948-2B8E-46FD-A2B8-ACCEF277A621}.Release|Any CPU.Build.0 = Release|Any CPU
		{6E3B9C17-BD58-4C7F-9148-0B6E57621E75}.Debug|Any CPU.ActiveCfg = Debug|Any CPU
		{6E3B9C17-BD58-4C7F-9148-0B6E57621E75}.Debug|Any CPU.Build.0 = Debug|Any CPU
		{6E3B9C17-BD58-4C7F-9148-0B6E57621E75}.Release|Any CPU.ActiveCfg = Release|Any CPU
		{6E3B9C17-BD58-4C7F-9148-0B6E57621E75}.Release|Any CPU.Build.0 = Release|Any CPU
		{6F770223-C499-40FA-9010-B9CB93E72C5D}.Debug|Any CPU.ActiveCfg = Debug|Any CPU
		{6F770223-C499-40FA-9010-B9CB93E72C5D}.Debug|Any CPU.Build.0 = Debug|Any CPU
		{6F770223-C499-40FA-9010-B9CB93E72C5D}.Release|Any CPU.ActiveCfg = Release|Any CPU
		{6F770223-C499-40FA-9010-B9CB93E72C5D}.Release|Any CPU.Build.0 = Release|Any CPU
		{09160533-C0F4-46BE-85A5-92C3ECACD857}.Debug|Any CPU.ActiveCfg = Debug|Any CPU
		{09160533-C0F4-46BE-85A5-92C3ECACD857}.Debug|Any CPU.Build.0 = Debug|Any CPU
		{09160533-C0F4-46BE-85A5-92C3ECACD857}.Release|Any CPU.ActiveCfg = Release|Any CPU
		{09160533-C0F4-46BE-85A5-92C3ECACD857}.Release|Any CPU.Build.0 = Release|Any CPU
		{8939557B-D5B0-4222-9265-3521538CA302}.Debug|Any CPU.ActiveCfg = Debug|Any CPU
		{8939557B-D5B0-4222-9265-3521538CA302}.Debug|Any CPU.Build.0 = Debug|Any CPU
		{8939557B-D5B0-4222-9265-3521538CA302}.Release|Any CPU.ActiveCfg = Release|Any CPU
		{8939557B-D5B0-4222-9265-3521538CA302}.Release|Any CPU.Build.0 = Release|Any CPU
		{05ED366C-345B-4951-AD3A-9F64BA2D3B03}.Debug|Any CPU.ActiveCfg = Debug|Any CPU
		{05ED366C-345B-4951-AD3A-9F64BA2D3B03}.Debug|Any CPU.Build.0 = Debug|Any CPU
		{05ED366C-345B-4951-AD3A-9F64BA2D3B03}.Release|Any CPU.ActiveCfg = Release|Any CPU
		{05ED366C-345B-4951-AD3A-9F64BA2D3B03}.Release|Any CPU.Build.0 = Release|Any CPU
		{ED4750F8-420F-48E0-B2C5-3FADE6094005}.Debug|Any CPU.ActiveCfg = Debug|Any CPU
		{ED4750F8-420F-48E0-B2C5-3FADE6094005}.Debug|Any CPU.Build.0 = Debug|Any CPU
		{ED4750F8-420F-48E0-B2C5-3FADE6094005}.Release|Any CPU.ActiveCfg = Release|Any CPU
		{ED4750F8-420F-48E0-B2C5-3FADE6094005}.Release|Any CPU.Build.0 = Release|Any CPU
		{4B93084A-CC17-44BF-9024-F2DBF5EF82B3}.Debug|Any CPU.ActiveCfg = Debug|Any CPU
		{4B93084A-CC17-44BF-9024-F2DBF5EF82B3}.Debug|Any CPU.Build.0 = Debug|Any CPU
		{4B93084A-CC17-44BF-9024-F2DBF5EF82B3}.Release|Any CPU.ActiveCfg = Release|Any CPU
		{4B93084A-CC17-44BF-9024-F2DBF5EF82B3}.Release|Any CPU.Build.0 = Release|Any CPU
		{9662D9C8-6138-4D06-8495-0E5143BF96F8}.Debug|Any CPU.ActiveCfg = Debug|Any CPU
		{9662D9C8-6138-4D06-8495-0E5143BF96F8}.Debug|Any CPU.Build.0 = Debug|Any CPU
		{9662D9C8-6138-4D06-8495-0E5143BF96F8}.Release|Any CPU.ActiveCfg = Release|Any CPU
		{9662D9C8-6138-4D06-8495-0E5143BF96F8}.Release|Any CPU.Build.0 = Release|Any CPU
		{86DF39B2-2622-420F-86AA-FDA65B7527F8}.Debug|Any CPU.ActiveCfg = Debug|Any CPU
		{86DF39B2-2622-420F-86AA-FDA65B7527F8}.Debug|Any CPU.Build.0 = Debug|Any CPU
		{86DF39B2-2622-420F-86AA-FDA65B7527F8}.Release|Any CPU.ActiveCfg = Release|Any CPU
		{86DF39B2-2622-420F-86AA-FDA65B7527F8}.Release|Any CPU.Build.0 = Release|Any CPU
		{3E989DFA-9250-499C-AF73-30540A01B652}.Debug|Any CPU.ActiveCfg = Debug|Any CPU
		{3E989DFA-9250-499C-AF73-30540A01B652}.Debug|Any CPU.Build.0 = Debug|Any CPU
		{3E989DFA-9250-499C-AF73-30540A01B652}.Release|Any CPU.ActiveCfg = Release|Any CPU
		{3E989DFA-9250-499C-AF73-30540A01B652}.Release|Any CPU.Build.0 = Release|Any CPU
		{90CFD096-74DC-4B46-B3A9-0397A40D431B}.Debug|Any CPU.ActiveCfg = Debug|Any CPU
		{90CFD096-74DC-4B46-B3A9-0397A40D431B}.Debug|Any CPU.Build.0 = Debug|Any CPU
		{90CFD096-74DC-4B46-B3A9-0397A40D431B}.Release|Any CPU.ActiveCfg = Release|Any CPU
		{90CFD096-74DC-4B46-B3A9-0397A40D431B}.Release|Any CPU.Build.0 = Release|Any CPU
		{984F78C3-BC0F-417A-B09F-08ACA7ABFB70}.Debug|Any CPU.ActiveCfg = Debug|Any CPU
		{984F78C3-BC0F-417A-B09F-08ACA7ABFB70}.Debug|Any CPU.Build.0 = Debug|Any CPU
		{984F78C3-BC0F-417A-B09F-08ACA7ABFB70}.Release|Any CPU.ActiveCfg = Release|Any CPU
		{984F78C3-BC0F-417A-B09F-08ACA7ABFB70}.Release|Any CPU.Build.0 = Release|Any CPU
		{E75EEC50-ED96-48FB-AA80-FB11B1C06DFE}.Debug|Any CPU.ActiveCfg = Debug|Any CPU
		{E75EEC50-ED96-48FB-AA80-FB11B1C06DFE}.Debug|Any CPU.Build.0 = Debug|Any CPU
		{E75EEC50-ED96-48FB-AA80-FB11B1C06DFE}.Release|Any CPU.ActiveCfg = Release|Any CPU
		{E75EEC50-ED96-48FB-AA80-FB11B1C06DFE}.Release|Any CPU.Build.0 = Release|Any CPU
		{5C12A506-E1EE-467D-9094-0C1947B6DA2E}.Debug|Any CPU.ActiveCfg = Debug|Any CPU
		{5C12A506-E1EE-467D-9094-0C1947B6DA2E}.Debug|Any CPU.Build.0 = Debug|Any CPU
		{5C12A506-E1EE-467D-9094-0C1947B6DA2E}.Release|Any CPU.ActiveCfg = Release|Any CPU
		{5C12A506-E1EE-467D-9094-0C1947B6DA2E}.Release|Any CPU.Build.0 = Release|Any CPU
		{4C45C783-161E-47A1-8590-3A320071B10D}.Debug|Any CPU.ActiveCfg = Debug|Any CPU
		{4C45C783-161E-47A1-8590-3A320071B10D}.Debug|Any CPU.Build.0 = Debug|Any CPU
		{4C45C783-161E-47A1-8590-3A320071B10D}.Release|Any CPU.ActiveCfg = Release|Any CPU
		{4C45C783-161E-47A1-8590-3A320071B10D}.Release|Any CPU.Build.0 = Release|Any CPU
		{40C20280-55F3-4F7A-8BB6-BD76DFAF38F7}.Debug|Any CPU.ActiveCfg = Debug|Any CPU
		{40C20280-55F3-4F7A-8BB6-BD76DFAF38F7}.Debug|Any CPU.Build.0 = Debug|Any CPU
		{40C20280-55F3-4F7A-8BB6-BD76DFAF38F7}.Release|Any CPU.ActiveCfg = Release|Any CPU
		{40C20280-55F3-4F7A-8BB6-BD76DFAF38F7}.Release|Any CPU.Build.0 = Release|Any CPU
		{A4B284AF-FD50-44A0-82B8-E4068BF5ECC6}.Debug|Any CPU.ActiveCfg = Debug|Any CPU
		{A4B284AF-FD50-44A0-82B8-E4068BF5ECC6}.Debug|Any CPU.Build.0 = Debug|Any CPU
		{A4B284AF-FD50-44A0-82B8-E4068BF5ECC6}.Release|Any CPU.ActiveCfg = Release|Any CPU
		{A4B284AF-FD50-44A0-82B8-E4068BF5ECC6}.Release|Any CPU.Build.0 = Release|Any CPU
		{0602B6D9-C703-41E2-A254-CCE9AE1FCD99}.Debug|Any CPU.ActiveCfg = Debug|Any CPU
		{0602B6D9-C703-41E2-A254-CCE9AE1FCD99}.Debug|Any CPU.Build.0 = Debug|Any CPU
		{0602B6D9-C703-41E2-A254-CCE9AE1FCD99}.Release|Any CPU.ActiveCfg = Release|Any CPU
		{0602B6D9-C703-41E2-A254-CCE9AE1FCD99}.Release|Any CPU.Build.0 = Release|Any CPU
		{AA8F540C-052B-44E4-B75F-711594AC3673}.Debug|Any CPU.ActiveCfg = Debug|Any CPU
		{AA8F540C-052B-44E4-B75F-711594AC3673}.Debug|Any CPU.Build.0 = Debug|Any CPU
		{AA8F540C-052B-44E4-B75F-711594AC3673}.Release|Any CPU.ActiveCfg = Release|Any CPU
		{AA8F540C-052B-44E4-B75F-711594AC3673}.Release|Any CPU.Build.0 = Release|Any CPU
		{A70FE3AA-54D2-4C57-85E8-D5065D9F5CA8}.Debug|Any CPU.ActiveCfg = Debug|Any CPU
		{A70FE3AA-54D2-4C57-85E8-D5065D9F5CA8}.Debug|Any CPU.Build.0 = Debug|Any CPU
		{A70FE3AA-54D2-4C57-85E8-D5065D9F5CA8}.Release|Any CPU.ActiveCfg = Release|Any CPU
		{A70FE3AA-54D2-4C57-85E8-D5065D9F5CA8}.Release|Any CPU.Build.0 = Release|Any CPU
		{8C778DCE-19F1-4145-9ABC-E90F2A879709}.Debug|Any CPU.ActiveCfg = Debug|Any CPU
		{8C778DCE-19F1-4145-9ABC-E90F2A879709}.Debug|Any CPU.Build.0 = Debug|Any CPU
		{8C778DCE-19F1-4145-9ABC-E90F2A879709}.Release|Any CPU.ActiveCfg = Release|Any CPU
		{8C778DCE-19F1-4145-9ABC-E90F2A879709}.Release|Any CPU.Build.0 = Release|Any CPU
		{4E22FA36-F982-4E96-B2A1-15DB68F567A7}.Debug|Any CPU.ActiveCfg = Debug|Any CPU
		{4E22FA36-F982-4E96-B2A1-15DB68F567A7}.Debug|Any CPU.Build.0 = Debug|Any CPU
		{4E22FA36-F982-4E96-B2A1-15DB68F567A7}.Release|Any CPU.ActiveCfg = Release|Any CPU
		{4E22FA36-F982-4E96-B2A1-15DB68F567A7}.Release|Any CPU.Build.0 = Release|Any CPU
		{0A3EC7E3-EEC0-4D18-8A6B-ABCA1328D647}.Debug|Any CPU.ActiveCfg = Debug|Any CPU
		{0A3EC7E3-EEC0-4D18-8A6B-ABCA1328D647}.Debug|Any CPU.Build.0 = Debug|Any CPU
		{0A3EC7E3-EEC0-4D18-8A6B-ABCA1328D647}.Release|Any CPU.ActiveCfg = Release|Any CPU
		{0A3EC7E3-EEC0-4D18-8A6B-ABCA1328D647}.Release|Any CPU.Build.0 = Release|Any CPU
		{2C4ED664-B90B-458B-BAFE-9DC8934A9679}.Debug|Any CPU.ActiveCfg = Debug|Any CPU
		{2C4ED664-B90B-458B-BAFE-9DC8934A9679}.Debug|Any CPU.Build.0 = Debug|Any CPU
		{2C4ED664-B90B-458B-BAFE-9DC8934A9679}.Release|Any CPU.ActiveCfg = Release|Any CPU
		{2C4ED664-B90B-458B-BAFE-9DC8934A9679}.Release|Any CPU.Build.0 = Release|Any CPU
		{067F87A2-19B0-4ED7-BE21-A52B6C2E7EC9}.Debug|Any CPU.ActiveCfg = Debug|Any CPU
		{067F87A2-19B0-4ED7-BE21-A52B6C2E7EC9}.Debug|Any CPU.Build.0 = Debug|Any CPU
		{067F87A2-19B0-4ED7-BE21-A52B6C2E7EC9}.Release|Any CPU.ActiveCfg = Release|Any CPU
		{067F87A2-19B0-4ED7-BE21-A52B6C2E7EC9}.Release|Any CPU.Build.0 = Release|Any CPU
		{7794FEBF-55C2-4FE9-8630-E719F52A59A7}.Debug|Any CPU.ActiveCfg = Debug|Any CPU
		{7794FEBF-55C2-4FE9-8630-E719F52A59A7}.Debug|Any CPU.Build.0 = Debug|Any CPU
		{7794FEBF-55C2-4FE9-8630-E719F52A59A7}.Release|Any CPU.ActiveCfg = Release|Any CPU
		{7794FEBF-55C2-4FE9-8630-E719F52A59A7}.Release|Any CPU.Build.0 = Release|Any CPU
		{24AB79BC-1E78-4E2E-AFDC-026E7CEB27D5}.Debug|Any CPU.ActiveCfg = Debug|Any CPU
		{24AB79BC-1E78-4E2E-AFDC-026E7CEB27D5}.Debug|Any CPU.Build.0 = Debug|Any CPU
		{24AB79BC-1E78-4E2E-AFDC-026E7CEB27D5}.Release|Any CPU.ActiveCfg = Release|Any CPU
		{24AB79BC-1E78-4E2E-AFDC-026E7CEB27D5}.Release|Any CPU.Build.0 = Release|Any CPU
		{F0D23A0A-167A-4413-A8CB-4F47B1D78CB6}.Debug|Any CPU.ActiveCfg = Debug|Any CPU
		{F0D23A0A-167A-4413-A8CB-4F47B1D78CB6}.Debug|Any CPU.Build.0 = Debug|Any CPU
		{F0D23A0A-167A-4413-A8CB-4F47B1D78CB6}.Release|Any CPU.ActiveCfg = Release|Any CPU
		{F0D23A0A-167A-4413-A8CB-4F47B1D78CB6}.Release|Any CPU.Build.0 = Release|Any CPU
		{4AA42380-3DB7-4575-80B9-7B4B63994621}.Debug|Any CPU.ActiveCfg = Debug|Any CPU
		{4AA42380-3DB7-4575-80B9-7B4B63994621}.Debug|Any CPU.Build.0 = Debug|Any CPU
		{4AA42380-3DB7-4575-80B9-7B4B63994621}.Release|Any CPU.ActiveCfg = Release|Any CPU
		{4AA42380-3DB7-4575-80B9-7B4B63994621}.Release|Any CPU.Build.0 = Release|Any CPU
		{88ABDD0C-821F-4D3C-B36D-97B1E3F368E9}.Debug|Any CPU.ActiveCfg = Debug|Any CPU
		{88ABDD0C-821F-4D3C-B36D-97B1E3F368E9}.Debug|Any CPU.Build.0 = Debug|Any CPU
		{88ABDD0C-821F-4D3C-B36D-97B1E3F368E9}.Release|Any CPU.ActiveCfg = Release|Any CPU
		{88ABDD0C-821F-4D3C-B36D-97B1E3F368E9}.Release|Any CPU.Build.0 = Release|Any CPU
		{701CFA9F-EF62-4C08-9F45-836FB8426975}.Debug|Any CPU.ActiveCfg = Debug|Any CPU
		{701CFA9F-EF62-4C08-9F45-836FB8426975}.Debug|Any CPU.Build.0 = Debug|Any CPU
		{701CFA9F-EF62-4C08-9F45-836FB8426975}.Release|Any CPU.ActiveCfg = Release|Any CPU
		{701CFA9F-EF62-4C08-9F45-836FB8426975}.Release|Any CPU.Build.0 = Release|Any CPU
		{C8D8DC3C-EB07-4F45-A747-6C5F16D115F0}.Debug|Any CPU.ActiveCfg = Debug|Any CPU
		{C8D8DC3C-EB07-4F45-A747-6C5F16D115F0}.Debug|Any CPU.Build.0 = Debug|Any CPU
		{C8D8DC3C-EB07-4F45-A747-6C5F16D115F0}.Release|Any CPU.ActiveCfg = Release|Any CPU
		{C8D8DC3C-EB07-4F45-A747-6C5F16D115F0}.Release|Any CPU.Build.0 = Release|Any CPU
		{627097AC-3CDA-4F19-86DA-DCCC4954681C}.Debug|Any CPU.ActiveCfg = Debug|Any CPU
		{627097AC-3CDA-4F19-86DA-DCCC4954681C}.Debug|Any CPU.Build.0 = Debug|Any CPU
		{627097AC-3CDA-4F19-86DA-DCCC4954681C}.Release|Any CPU.ActiveCfg = Release|Any CPU
		{627097AC-3CDA-4F19-86DA-DCCC4954681C}.Release|Any CPU.Build.0 = Release|Any CPU
		{80EAA429-74E7-4068-9DD5-FA0C6B095C59}.Debug|Any CPU.ActiveCfg = Debug|Any CPU
		{80EAA429-74E7-4068-9DD5-FA0C6B095C59}.Debug|Any CPU.Build.0 = Debug|Any CPU
		{80EAA429-74E7-4068-9DD5-FA0C6B095C59}.Release|Any CPU.ActiveCfg = Release|Any CPU
		{80EAA429-74E7-4068-9DD5-FA0C6B095C59}.Release|Any CPU.Build.0 = Release|Any CPU
		{C8C0D6EA-0B2E-4BA8-B314-2E460F59B645}.Debug|Any CPU.ActiveCfg = Debug|Any CPU
		{C8C0D6EA-0B2E-4BA8-B314-2E460F59B645}.Debug|Any CPU.Build.0 = Debug|Any CPU
		{C8C0D6EA-0B2E-4BA8-B314-2E460F59B645}.Release|Any CPU.ActiveCfg = Release|Any CPU
		{C8C0D6EA-0B2E-4BA8-B314-2E460F59B645}.Release|Any CPU.Build.0 = Release|Any CPU
		{5CA351F3-0465-46DB-818D-525AFD048841}.Debug|Any CPU.ActiveCfg = Debug|Any CPU
		{5CA351F3-0465-46DB-818D-525AFD048841}.Debug|Any CPU.Build.0 = Debug|Any CPU
		{5CA351F3-0465-46DB-818D-525AFD048841}.Release|Any CPU.ActiveCfg = Release|Any CPU
		{5CA351F3-0465-46DB-818D-525AFD048841}.Release|Any CPU.Build.0 = Release|Any CPU
		{16CAB363-AD2C-4B38-9533-67FDE0E588F7}.Debug|Any CPU.ActiveCfg = Debug|Any CPU
		{16CAB363-AD2C-4B38-9533-67FDE0E588F7}.Debug|Any CPU.Build.0 = Debug|Any CPU
		{16CAB363-AD2C-4B38-9533-67FDE0E588F7}.Release|Any CPU.ActiveCfg = Release|Any CPU
		{16CAB363-AD2C-4B38-9533-67FDE0E588F7}.Release|Any CPU.Build.0 = Release|Any CPU
		{8E826EE5-202B-4F77-8D1C-847C263D272E}.Debug|Any CPU.ActiveCfg = Debug|Any CPU
		{8E826EE5-202B-4F77-8D1C-847C263D272E}.Debug|Any CPU.Build.0 = Debug|Any CPU
		{8E826EE5-202B-4F77-8D1C-847C263D272E}.Release|Any CPU.ActiveCfg = Release|Any CPU
		{8E826EE5-202B-4F77-8D1C-847C263D272E}.Release|Any CPU.Build.0 = Release|Any CPU
		{EAE2874D-81BE-4920-8A9A-59DD05553EA2}.Debug|Any CPU.ActiveCfg = Debug|Any CPU
		{EAE2874D-81BE-4920-8A9A-59DD05553EA2}.Debug|Any CPU.Build.0 = Debug|Any CPU
		{EAE2874D-81BE-4920-8A9A-59DD05553EA2}.Release|Any CPU.ActiveCfg = Release|Any CPU
		{EAE2874D-81BE-4920-8A9A-59DD05553EA2}.Release|Any CPU.Build.0 = Release|Any CPU
		{48D0C310-278D-4371-97D5-BEC1B0E820D4}.Debug|Any CPU.ActiveCfg = Debug|Any CPU
		{48D0C310-278D-4371-97D5-BEC1B0E820D4}.Debug|Any CPU.Build.0 = Debug|Any CPU
		{48D0C310-278D-4371-97D5-BEC1B0E820D4}.Release|Any CPU.ActiveCfg = Release|Any CPU
		{48D0C310-278D-4371-97D5-BEC1B0E820D4}.Release|Any CPU.Build.0 = Release|Any CPU
		{68C5736D-7DA8-4BF2-A066-F138DBBE5F78}.Debug|Any CPU.ActiveCfg = Debug|Any CPU
		{68C5736D-7DA8-4BF2-A066-F138DBBE5F78}.Debug|Any CPU.Build.0 = Debug|Any CPU
		{68C5736D-7DA8-4BF2-A066-F138DBBE5F78}.Release|Any CPU.ActiveCfg = Release|Any CPU
		{68C5736D-7DA8-4BF2-A066-F138DBBE5F78}.Release|Any CPU.Build.0 = Release|Any CPU
	EndGlobalSection
	GlobalSection(SolutionProperties) = preSolution
		HideSolutionNode = FALSE
	EndGlobalSection
	GlobalSection(NestedProjects) = preSolution
		{70E04A1F-A4E8-4C18-92A6-496BACD31856} = {B0614F75-1794-4618-AC7F-D5409916DDCA}
		{E83802FB-295E-48B3-978C-07976421FA35} = {70E04A1F-A4E8-4C18-92A6-496BACD31856}
		{A745D9A0-F735-41CE-A22A-14C9F7CEE5DB} = {70E04A1F-A4E8-4C18-92A6-496BACD31856}
		{8E4651E5-FC56-4A9F-A8D3-565CED06F44B} = {B0614F75-1794-4618-AC7F-D5409916DDCA}
		{12001FB4-B6A8-4D94-BEF8-DB1166A30D78} = {8E4651E5-FC56-4A9F-A8D3-565CED06F44B}
		{14C377A4-DDB0-4EAD-8975-358FE33055B5} = {8E4651E5-FC56-4A9F-A8D3-565CED06F44B}
		{F592E33D-2B0B-4643-9ACD-142386A57157} = {B0614F75-1794-4618-AC7F-D5409916DDCA}
		{ECD41917-70C7-4FDC-AD94-EC0AFCB82DC3} = {F592E33D-2B0B-4643-9ACD-142386A57157}
		{2C0BA406-A668-4A46-A0A9-1650DA423495} = {F592E33D-2B0B-4643-9ACD-142386A57157}
		{2157D2C5-BCFE-4175-9477-B446C34D30DB} = {B0614F75-1794-4618-AC7F-D5409916DDCA}
		{B3CDD743-5E19-45B9-AE9B-BAF01079F963} = {2157D2C5-BCFE-4175-9477-B446C34D30DB}
		{F97E62CE-9D3B-426F-8C43-E711B5B296A7} = {2157D2C5-BCFE-4175-9477-B446C34D30DB}
		{B4809B5B-53A2-43AF-9420-9FC5A3C282E9} = {B0614F75-1794-4618-AC7F-D5409916DDCA}
		{8B137C32-4796-47AE-94F5-B217676E15DD} = {B4809B5B-53A2-43AF-9420-9FC5A3C282E9}
		{84E67CB9-C1FC-4760-BA4A-98D2B959798D} = {B4809B5B-53A2-43AF-9420-9FC5A3C282E9}
		{783B5978-0CE3-40AF-AE6C-9A82E3D0D5C0} = {B0614F75-1794-4618-AC7F-D5409916DDCA}
		{FD5DB0F8-13F5-486C-A1A3-337CB98449A2} = {783B5978-0CE3-40AF-AE6C-9A82E3D0D5C0}
		{2F7F9E7D-248B-4DAC-87E7-AED4C219BA0A} = {783B5978-0CE3-40AF-AE6C-9A82E3D0D5C0}
		{C838C897-B10A-43C4-B06A-2B4D41B01BE7} = {B0614F75-1794-4618-AC7F-D5409916DDCA}
		{42B1A427-3FD0-4E86-B5A4-E88BEEC7DCC1} = {C838C897-B10A-43C4-B06A-2B4D41B01BE7}
		{C334E436-A9FC-4309-B20A-BC476766EF43} = {C838C897-B10A-43C4-B06A-2B4D41B01BE7}
		{89EE19FB-3ABF-49CC-830F-AE04F93AD0EF} = {C838C897-B10A-43C4-B06A-2B4D41B01BE7}
		{8CCAFB7B-5E2C-4EAC-8D2A-C506DD63C633} = {B0614F75-1794-4618-AC7F-D5409916DDCA}
		{6791630D-5184-4F35-8DD2-39E9767A3B8B} = {8CCAFB7B-5E2C-4EAC-8D2A-C506DD63C633}
		{F70DAD47-A836-40B5-840E-E2661712C0D3} = {8CCAFB7B-5E2C-4EAC-8D2A-C506DD63C633}
		{26D02EF2-CBBA-4FA6-9A5C-41DADBFFDD39} = {B0614F75-1794-4618-AC7F-D5409916DDCA}
		{CF203AB3-8003-474D-A90F-D56217A0D3ED} = {26D02EF2-CBBA-4FA6-9A5C-41DADBFFDD39}
		{D2887C06-9E67-46B1-9804-18A158D4ED66} = {26D02EF2-CBBA-4FA6-9A5C-41DADBFFDD39}
		{755B1D9E-7F63-469C-BE1F-2AE072DF9CB4} = {B0614F75-1794-4618-AC7F-D5409916DDCA}
		{9C33D64B-314E-4D92-A87E-DB68C74847A7} = {755B1D9E-7F63-469C-BE1F-2AE072DF9CB4}
		{61E34FE4-AB29-4244-AF7F-1DF56DAB0606} = {755B1D9E-7F63-469C-BE1F-2AE072DF9CB4}
		{FAD28A50-4D8E-4DD8-B0F7-48EA5BBEEF43} = {B0614F75-1794-4618-AC7F-D5409916DDCA}
		{A41BEE07-E8B6-4E5C-BA0E-30A2CE8C9E01} = {FAD28A50-4D8E-4DD8-B0F7-48EA5BBEEF43}
		{C1DF3448-17D3-417C-869F-2E64B78729D2} = {FAD28A50-4D8E-4DD8-B0F7-48EA5BBEEF43}
		{F78CE7B9-0C67-4F95-B384-0DA514B437B9} = {B0614F75-1794-4618-AC7F-D5409916DDCA}
		{0087A879-3516-4F15-90DE-5026D1DBB4FC} = {F78CE7B9-0C67-4F95-B384-0DA514B437B9}
		{43094BB2-5A07-4CF2-8B74-2DB951044C78} = {F78CE7B9-0C67-4F95-B384-0DA514B437B9}
		{1D90AF56-1D46-49B0-8B18-9E2BB93395CE} = {B0614F75-1794-4618-AC7F-D5409916DDCA}
		{647E9E8D-F485-40AC-AC82-EB26FFFB76DF} = {1D90AF56-1D46-49B0-8B18-9E2BB93395CE}
		{D5765CC6-C564-4EDA-9190-D73763C00A70} = {1D90AF56-1D46-49B0-8B18-9E2BB93395CE}
		{6A18AEB7-5A8A-417E-B2CC-3965548F9C02} = {B0614F75-1794-4618-AC7F-D5409916DDCA}
		{12BADC62-31A8-4C73-AB61-B9A25B25344D} = {6A18AEB7-5A8A-417E-B2CC-3965548F9C02}
		{7D970211-3F71-4EF0-A886-72F193E3D54B} = {6A18AEB7-5A8A-417E-B2CC-3965548F9C02}
		{DFF74410-D0FB-4C75-94DD-26CF82BD1A27} = {B0614F75-1794-4618-AC7F-D5409916DDCA}
		{93E0DB34-EA8E-4EB9-8DBD-A4F0EBCDCD49} = {DFF74410-D0FB-4C75-94DD-26CF82BD1A27}
		{D15035F0-2180-45E3-9AE9-6C969B79FCC5} = {DFF74410-D0FB-4C75-94DD-26CF82BD1A27}
		{37B70DB9-E8C7-410A-91E8-03C66D45215E} = {B0614F75-1794-4618-AC7F-D5409916DDCA}
		{2E4A5A5C-FB02-496B-BFB1-41E8464C9B95} = {37B70DB9-E8C7-410A-91E8-03C66D45215E}
		{3031AAB3-D519-45EB-ADEA-343B2591FF4D} = {37B70DB9-E8C7-410A-91E8-03C66D45215E}
		{38A42E6C-A61E-4141-B8A5-DF19C71F6E6C} = {B0614F75-1794-4618-AC7F-D5409916DDCA}
		{A9C86178-044E-4E5D-87A3-3922F333FB13} = {38A42E6C-A61E-4141-B8A5-DF19C71F6E6C}
		{A43AEEE8-E68C-4667-985A-7E1B5C27B45F} = {38A42E6C-A61E-4141-B8A5-DF19C71F6E6C}
		{9E333723-5B88-4EA1-BD27-DCD4054A9F40} = {B0614F75-1794-4618-AC7F-D5409916DDCA}
		{1BDA3217-B29C-4428-B483-3EB8D579FFE4} = {9E333723-5B88-4EA1-BD27-DCD4054A9F40}
		{A0007949-8079-499C-A463-EBAEC6D23C91} = {9E333723-5B88-4EA1-BD27-DCD4054A9F40}
		{37E9631C-83DD-420A-8E00-0A63381693BB} = {B0614F75-1794-4618-AC7F-D5409916DDCA}
		{B5FDDA2C-3F97-4054-A612-AF0F2E25D6AD} = {37E9631C-83DD-420A-8E00-0A63381693BB}
		{92C1767C-6371-4A87-93C4-DCB19D7B3214} = {37E9631C-83DD-420A-8E00-0A63381693BB}
		{C363CCB9-74CC-4762-AB3B-EFE015EE5EBA} = {B0614F75-1794-4618-AC7F-D5409916DDCA}
		{20E606B8-F7C6-4F0B-937B-36217427A368} = {C363CCB9-74CC-4762-AB3B-EFE015EE5EBA}
		{3F53F84D-B581-4B1D-8A09-0F1990594E76} = {C363CCB9-74CC-4762-AB3B-EFE015EE5EBA}
		{E062201B-B008-4F81-8F54-569C39723AA4} = {B0614F75-1794-4618-AC7F-D5409916DDCA}
		{F957D19A-C4E0-4656-B012-74EECFA1DC7F} = {E062201B-B008-4F81-8F54-569C39723AA4}
		{1E0838EA-67E6-49FC-B7F8-4CB88ED19C0E} = {E062201B-B008-4F81-8F54-569C39723AA4}
		{6F536147-795E-4C2D-83BC-202E7189CC2A} = {B0614F75-1794-4618-AC7F-D5409916DDCA}
		{2D6BF686-5039-40D6-9EDE-3CBF4BAD0F5F} = {6F536147-795E-4C2D-83BC-202E7189CC2A}
		{FB612A3C-CA9C-4E88-8058-1C6FFBD3DC21} = {6F536147-795E-4C2D-83BC-202E7189CC2A}
		{CE98848C-AB25-467C-ABE7-BD514D9AD5FB} = {B0614F75-1794-4618-AC7F-D5409916DDCA}
		{A952BC18-9D93-40B3-B671-2074AA51B1C9} = {CE98848C-AB25-467C-ABE7-BD514D9AD5FB}
		{1DD9C489-D1C6-4D0C-A7FB-F88CF1FAEB37} = {CE98848C-AB25-467C-ABE7-BD514D9AD5FB}
		{CD863B77-99B0-4814-8EC7-1981F04EFA61} = {B0614F75-1794-4618-AC7F-D5409916DDCA}
		{75B41349-4915-4AC0-ACB6-C86FE10FD15B} = {CD863B77-99B0-4814-8EC7-1981F04EFA61}
		{53F52138-38E4-47E5-86A8-874D14922324} = {CD863B77-99B0-4814-8EC7-1981F04EFA61}
		{9401186A-C8F9-40EB-8E3D-4361A5C95CC2} = {B0614F75-1794-4618-AC7F-D5409916DDCA}
		{57B81371-258C-4459-9AFF-BC277EDD34A0} = {9401186A-C8F9-40EB-8E3D-4361A5C95CC2}
		{88F8497E-62F9-4C7B-A7BC-F43893BFF4EB} = {9401186A-C8F9-40EB-8E3D-4361A5C95CC2}
		{48D01803-4117-42E7-8FB8-5BE4F0CFA49A} = {AE249739-DE36-43CD-9DFA-AAF7E96DB9E8}
		{670AFAA3-7B77-4FAD-B0EB-B8F04313E5DA} = {48D01803-4117-42E7-8FB8-5BE4F0CFA49A}
		{D1B8F676-8533-4A2B-843A-25024E1F412A} = {48D01803-4117-42E7-8FB8-5BE4F0CFA49A}
		{368F960A-1E97-4A2E-8AB4-F00E7B626E10} = {AE249739-DE36-43CD-9DFA-AAF7E96DB9E8}
		{916EE4E7-3ADC-4E5A-87CB-964271AFB9CC} = {368F960A-1E97-4A2E-8AB4-F00E7B626E10}
		{AAD503A8-4616-4F32-99F8-E218D92EA69E} = {368F960A-1E97-4A2E-8AB4-F00E7B626E10}
		{E906FD51-008E-4DD6-8CB4-04B9AE3A1817} = {AE249739-DE36-43CD-9DFA-AAF7E96DB9E8}
		{E413B07B-8551-4B13-BDE5-210DD0182BF4} = {E906FD51-008E-4DD6-8CB4-04B9AE3A1817}
		{AE8A0700-DF84-4BD4-9B9B-E8003E8E44A5} = {E906FD51-008E-4DD6-8CB4-04B9AE3A1817}
		{AD5B6721-D2CC-4CBA-AE59-701E693034BE} = {AE249739-DE36-43CD-9DFA-AAF7E96DB9E8}
		{EFAA0DDD-0668-4C95-9E89-DB5F3F664DB2} = {AD5B6721-D2CC-4CBA-AE59-701E693034BE}
		{00B1B603-8B68-4C80-AC19-2E89F4D25E3F} = {AD5B6721-D2CC-4CBA-AE59-701E693034BE}
		{0376B642-E627-46C0-80D5-5B822FDDFF42} = {AE249739-DE36-43CD-9DFA-AAF7E96DB9E8}
		{486DF948-2B8E-46FD-A2B8-ACCEF277A621} = {0376B642-E627-46C0-80D5-5B822FDDFF42}
		{6E3B9C17-BD58-4C7F-9148-0B6E57621E75} = {0376B642-E627-46C0-80D5-5B822FDDFF42}
		{BFC03973-E219-4FD1-9626-D54D1D318C5E} = {AE249739-DE36-43CD-9DFA-AAF7E96DB9E8}
		{6F770223-C499-40FA-9010-B9CB93E72C5D} = {BFC03973-E219-4FD1-9626-D54D1D318C5E}
		{09160533-C0F4-46BE-85A5-92C3ECACD857} = {BFC03973-E219-4FD1-9626-D54D1D318C5E}
		{32EEC0E3-4E5B-4F27-9E16-3152DF47E4ED} = {AE249739-DE36-43CD-9DFA-AAF7E96DB9E8}
		{8939557B-D5B0-4222-9265-3521538CA302} = {32EEC0E3-4E5B-4F27-9E16-3152DF47E4ED}
		{05ED366C-345B-4951-AD3A-9F64BA2D3B03} = {32EEC0E3-4E5B-4F27-9E16-3152DF47E4ED}
		{3B8A5900-90E6-43D4-9870-E1D23D9A9DB9} = {AE249739-DE36-43CD-9DFA-AAF7E96DB9E8}
		{ED4750F8-420F-48E0-B2C5-3FADE6094005} = {3B8A5900-90E6-43D4-9870-E1D23D9A9DB9}
		{4B93084A-CC17-44BF-9024-F2DBF5EF82B3} = {3B8A5900-90E6-43D4-9870-E1D23D9A9DB9}
		{F277E7CD-B24C-4D9A-9773-A280B0AB2849} = {AE249739-DE36-43CD-9DFA-AAF7E96DB9E8}
		{9662D9C8-6138-4D06-8495-0E5143BF96F8} = {F277E7CD-B24C-4D9A-9773-A280B0AB2849}
		{86DF39B2-2622-420F-86AA-FDA65B7527F8} = {F277E7CD-B24C-4D9A-9773-A280B0AB2849}
		{9C6AF39F-119A-49DF-9BAA-1EAA54FB3348} = {AE249739-DE36-43CD-9DFA-AAF7E96DB9E8}
		{3E989DFA-9250-499C-AF73-30540A01B652} = {9C6AF39F-119A-49DF-9BAA-1EAA54FB3348}
		{90CFD096-74DC-4B46-B3A9-0397A40D431B} = {9C6AF39F-119A-49DF-9BAA-1EAA54FB3348}
		{1F008678-2AA9-4F67-9763-8F735AD76B3B} = {AE249739-DE36-43CD-9DFA-AAF7E96DB9E8}
		{984F78C3-BC0F-417A-B09F-08ACA7ABFB70} = {1F008678-2AA9-4F67-9763-8F735AD76B3B}
		{E75EEC50-ED96-48FB-AA80-FB11B1C06DFE} = {1F008678-2AA9-4F67-9763-8F735AD76B3B}
		{4496C171-5ED5-4075-A020-D0F605CCB22E} = {AE249739-DE36-43CD-9DFA-AAF7E96DB9E8}
		{5C12A506-E1EE-467D-9094-0C1947B6DA2E} = {4496C171-5ED5-4075-A020-D0F605CCB22E}
		{4C45C783-161E-47A1-8590-3A320071B10D} = {4496C171-5ED5-4075-A020-D0F605CCB22E}
		{AE5409E8-5F9B-4C4A-85EB-CA003F762D50} = {AE249739-DE36-43CD-9DFA-AAF7E96DB9E8}
		{40C20280-55F3-4F7A-8BB6-BD76DFAF38F7} = {AE5409E8-5F9B-4C4A-85EB-CA003F762D50}
		{A4B284AF-FD50-44A0-82B8-E4068BF5ECC6} = {AE5409E8-5F9B-4C4A-85EB-CA003F762D50}
		{5B9F6116-6352-4609-A0A3-BDD3860DFCA5} = {AE249739-DE36-43CD-9DFA-AAF7E96DB9E8}
		{0602B6D9-C703-41E2-A254-CCE9AE1FCD99} = {5B9F6116-6352-4609-A0A3-BDD3860DFCA5}
		{AA8F540C-052B-44E4-B75F-711594AC3673} = {5B9F6116-6352-4609-A0A3-BDD3860DFCA5}
		{E06F0035-6D3A-40DD-AED2-B625C6AC6492} = {AE249739-DE36-43CD-9DFA-AAF7E96DB9E8}
		{A70FE3AA-54D2-4C57-85E8-D5065D9F5CA8} = {E06F0035-6D3A-40DD-AED2-B625C6AC6492}
		{8C778DCE-19F1-4145-9ABC-E90F2A879709} = {E06F0035-6D3A-40DD-AED2-B625C6AC6492}
		{D26D83EE-539E-41AE-9C73-608B3B279F9C} = {AE249739-DE36-43CD-9DFA-AAF7E96DB9E8}
		{4E22FA36-F982-4E96-B2A1-15DB68F567A7} = {D26D83EE-539E-41AE-9C73-608B3B279F9C}
		{0A3EC7E3-EEC0-4D18-8A6B-ABCA1328D647} = {D26D83EE-539E-41AE-9C73-608B3B279F9C}
		{011E1946-381D-448C-9E89-846E79C8CE75} = {AE249739-DE36-43CD-9DFA-AAF7E96DB9E8}
		{2C4ED664-B90B-458B-BAFE-9DC8934A9679} = {011E1946-381D-448C-9E89-846E79C8CE75}
		{067F87A2-19B0-4ED7-BE21-A52B6C2E7EC9} = {011E1946-381D-448C-9E89-846E79C8CE75}
		{419ABF6E-686B-41B6-B5B5-21B0626C8D5A} = {AE249739-DE36-43CD-9DFA-AAF7E96DB9E8}
		{7794FEBF-55C2-4FE9-8630-E719F52A59A7} = {419ABF6E-686B-41B6-B5B5-21B0626C8D5A}
		{24AB79BC-1E78-4E2E-AFDC-026E7CEB27D5} = {419ABF6E-686B-41B6-B5B5-21B0626C8D5A}
		{FF983D64-33AF-4F76-8C89-3DA848F0B4D8} = {AE249739-DE36-43CD-9DFA-AAF7E96DB9E8}
		{F0D23A0A-167A-4413-A8CB-4F47B1D78CB6} = {FF983D64-33AF-4F76-8C89-3DA848F0B4D8}
		{4AA42380-3DB7-4575-80B9-7B4B63994621} = {FF983D64-33AF-4F76-8C89-3DA848F0B4D8}
		{20BB9822-CFF3-4AC2-A29B-01E40059B0CE} = {AE249739-DE36-43CD-9DFA-AAF7E96DB9E8}
		{88ABDD0C-821F-4D3C-B36D-97B1E3F368E9} = {20BB9822-CFF3-4AC2-A29B-01E40059B0CE}
		{701CFA9F-EF62-4C08-9F45-836FB8426975} = {20BB9822-CFF3-4AC2-A29B-01E40059B0CE}
		{A2FE87B4-CEB2-4228-B044-11B9953DEE7A} = {AE249739-DE36-43CD-9DFA-AAF7E96DB9E8}
		{C8D8DC3C-EB07-4F45-A747-6C5F16D115F0} = {A2FE87B4-CEB2-4228-B044-11B9953DEE7A}
		{627097AC-3CDA-4F19-86DA-DCCC4954681C} = {A2FE87B4-CEB2-4228-B044-11B9953DEE7A}
		{2E1AB0BF-0899-42D6-9B4C-1EA5709E2E0D} = {AE249739-DE36-43CD-9DFA-AAF7E96DB9E8}
		{80EAA429-74E7-4068-9DD5-FA0C6B095C59} = {2E1AB0BF-0899-42D6-9B4C-1EA5709E2E0D}
		{C8C0D6EA-0B2E-4BA8-B314-2E460F59B645} = {2E1AB0BF-0899-42D6-9B4C-1EA5709E2E0D}
		{01537BD5-8A54-4549-8B34-3F9E65E7EA16} = {AE249739-DE36-43CD-9DFA-AAF7E96DB9E8}
		{5CA351F3-0465-46DB-818D-525AFD048841} = {01537BD5-8A54-4549-8B34-3F9E65E7EA16}
		{16CAB363-AD2C-4B38-9533-67FDE0E588F7} = {01537BD5-8A54-4549-8B34-3F9E65E7EA16}
		{9DC7FF40-6473-45B4-82B3-80D676DFDE10} = {AE249739-DE36-43CD-9DFA-AAF7E96DB9E8}
		{8E826EE5-202B-4F77-8D1C-847C263D272E} = {9DC7FF40-6473-45B4-82B3-80D676DFDE10}
		{EAE2874D-81BE-4920-8A9A-59DD05553EA2} = {9DC7FF40-6473-45B4-82B3-80D676DFDE10}
		{BAFC19A1-D118-466E-97D7-F34D2A5DFED1} = {AE249739-DE36-43CD-9DFA-AAF7E96DB9E8}
		{48D0C310-278D-4371-97D5-BEC1B0E820D4} = {BAFC19A1-D118-466E-97D7-F34D2A5DFED1}
		{68C5736D-7DA8-4BF2-A066-F138DBBE5F78} = {BAFC19A1-D118-466E-97D7-F34D2A5DFED1}
	EndGlobalSection
	GlobalSection(ExtensibilityGlobals) = postSolution
		SolutionGuid = {660EC9DE-11C7-4B72-90D7-DAA99BEF0359}
	EndGlobalSection
EndGlobal
